
Microsoft Visual Studio Solution File, Format Version 12.00
# Visual Studio 2013
VisualStudioVersion = 12.0.31101.0
MinimumVisualStudioVersion = 10.0.40219.1
Project("{FAE04EC0-301F-11D3-BF4B-00C04F79EFBC}") = "Scorchio.VisualStudio", "Scorchio.VisualStudio\Scorchio.VisualStudio.csproj", "{012E2419-08C3-4555-AF80-F101B02BBCF0}"
EndProject
Project("{FAE04EC0-301F-11D3-BF4B-00C04F79EFBC}") = "NinjaCoder.MvvmCross", "NinjaCoder.MvvmCross\NinjaCoder.MvvmCross.csproj", "{678643F4-34D9-43AC-AC1B-55FC0D58B598}"
EndProject
Project("{FAE04EC0-301F-11D3-BF4B-00C04F79EFBC}") = "NinjaCoder.MvvmCross.AddIn", "NinjaCoder.MvvmCross.AddIn\NinjaCoder.MvvmCross.AddIn.csproj", "{54C786E5-FD14-4036-92AE-E9F25B71534B}"
EndProject
Project("{FAE04EC0-301F-11D3-BF4B-00C04F79EFBC}") = "NinjaCoder.MvvmCross.Tests", "NinjaCoder.MvvmCross.Tests\NinjaCoder.MvvmCross.Tests.csproj", "{1767BD7C-66AF-4864-9B13-1910399B305A}"
EndProject
Project("{FAE04EC0-301F-11D3-BF4B-00C04F79EFBC}") = "NinjaCoder.MvvmCross.TemplateWizards", "NinjaCoder.MvvmCross.TemplateWizards\NinjaCoder.MvvmCross.TemplateWizards.csproj", "{6D288C80-9F3D-47A2-844B-DBEE058D2614}"
EndProject
Project("{FAE04EC0-301F-11D3-BF4B-00C04F79EFBC}") = "Scorchio.Infrastructure", "Scorchio.Infrastructure\Scorchio.Infrastructure.csproj", "{8788B9F4-D0B8-406B-B0BC-DBB581B453CC}"
EndProject
Project("{FAE04EC0-301F-11D3-BF4B-00C04F79EFBC}") = "NinjaCoder.MvvmCross.UI", "NinjaCoder.MvvmCross.UI\NinjaCoder.MvvmCross.UI.csproj", "{5A464EDD-AEFE-4864-816A-A0E3E6C88B4C}"
EndProject
Project("{FAE04EC0-301F-11D3-BF4B-00C04F79EFBC}") = "NinjaCoder.MvvmCross.UpdateChecker", "NinjaCoder.MvvmCross.UpdateChecker\NinjaCoder.MvvmCross.UpdateChecker.csproj", "{68179A9A-9E34-4B94-9240-84E9DF04C809}"
EndProject
Project("{2150E333-8FDC-42A3-9474-1A3956D46DE8}") = "Config", "Config", "{D8877B22-87DF-4D49-917C-AEB6EC4CDBEA}"
	ProjectSection(SolutionItems) = preProject
		Config\ApplicationConfig.xml = Config\ApplicationConfig.xml
		Config\MvvmCrossPlugins.xml = Config\MvvmCrossPlugins.xml
		Config\NugetPackages.xml = Config\NugetPackages.xml
		Config\XamarinFormsLabsPlugins.xml = Config\XamarinFormsLabsPlugins.xml
		Config\XamarinFormsNugetPackages.xml = Config\XamarinFormsNugetPackages.xml
	EndProjectSection
EndProject
Project("{2150E333-8FDC-42A3-9474-1A3956D46DE8}") = "CodeSnippets", "CodeSnippets", "{090C89C7-94C7-4F18-A81A-FB35605C9EAA}"
EndProject
Project("{2150E333-8FDC-42A3-9474-1A3956D46DE8}") = "Plugins", "Plugins", "{AB0A8FF3-1853-4ED8-9AEF-D1B355C9C249}"
	ProjectSection(SolutionItems) = preProject
		Config\CodeSnippets\Plugins\Plugins.Accelerometer.Tests.xml = Config\CodeSnippets\Plugins\Plugins.Accelerometer.Tests.xml
		Config\CodeSnippets\Plugins\Plugins.Accelerometer.xml = Config\CodeSnippets\Plugins\Plugins.Accelerometer.xml
		Config\CodeSnippets\Plugins\Plugins.AppId.Tests.xml = Config\CodeSnippets\Plugins\Plugins.AppId.Tests.xml
		Config\CodeSnippets\Plugins\Plugins.AppId.xml = Config\CodeSnippets\Plugins\Plugins.AppId.xml
		Config\CodeSnippets\Plugins\Plugins.Bitmap.Tests.xml = Config\CodeSnippets\Plugins\Plugins.Bitmap.Tests.xml
		Config\CodeSnippets\Plugins\Plugins.Bitmap.xml = Config\CodeSnippets\Plugins\Plugins.Bitmap.xml
		Config\CodeSnippets\Plugins\Plugins.Bookmarks.Tests.xml = Config\CodeSnippets\Plugins\Plugins.Bookmarks.Tests.xml
		Config\CodeSnippets\Plugins\Plugins.Bookmarks.xml = Config\CodeSnippets\Plugins\Plugins.Bookmarks.xml
		Config\CodeSnippets\Plugins\Plugins.Color.Tests.xml = Config\CodeSnippets\Plugins\Plugins.Color.Tests.xml
		Config\CodeSnippets\Plugins\Plugins.Color.xml = Config\CodeSnippets\Plugins\Plugins.Color.xml
		Config\CodeSnippets\Plugins\Plugins.Connectivity.Tests.xml = Config\CodeSnippets\Plugins\Plugins.Connectivity.Tests.xml
		Config\CodeSnippets\Plugins\Plugins.Connectivity.xml = Config\CodeSnippets\Plugins\Plugins.Connectivity.xml
		Config\CodeSnippets\Plugins\Plugins.DownloadCache.Tests.xml = Config\CodeSnippets\Plugins\Plugins.DownloadCache.Tests.xml
		Config\CodeSnippets\Plugins\Plugins.DownloadCache.xml = Config\CodeSnippets\Plugins\Plugins.DownloadCache.xml
		Config\CodeSnippets\Plugins\Plugins.Email.Tests.xml = Config\CodeSnippets\Plugins\Plugins.Email.Tests.xml
		Config\CodeSnippets\Plugins\Plugins.Email.xml = Config\CodeSnippets\Plugins\Plugins.Email.xml
		Config\CodeSnippets\Plugins\Plugins.FaceTime.Tests.xml = Config\CodeSnippets\Plugins\Plugins.FaceTime.Tests.xml
		Config\CodeSnippets\Plugins\Plugins.FaceTime.xml = Config\CodeSnippets\Plugins\Plugins.FaceTime.xml
		Config\CodeSnippets\Plugins\Plugins.FieldBinding.xml = Config\CodeSnippets\Plugins\Plugins.FieldBinding.xml
		Config\CodeSnippets\Plugins\Plugins.File.Tests.xml = Config\CodeSnippets\Plugins\Plugins.File.Tests.xml
		Config\CodeSnippets\Plugins\Plugins.File.xml = Config\CodeSnippets\Plugins\Plugins.File.xml
		Config\CodeSnippets\Plugins\Plugins.Json.Tests.xml = Config\CodeSnippets\Plugins\Plugins.Json.Tests.xml
		Config\CodeSnippets\Plugins\Plugins.Json.xml = Config\CodeSnippets\Plugins\Plugins.Json.xml
		Config\CodeSnippets\Plugins\Plugins.Network.Tests.xml = Config\CodeSnippets\Plugins\Plugins.Network.Tests.xml
		Config\CodeSnippets\Plugins\Plugins.Network.xml = Config\CodeSnippets\Plugins\Plugins.Network.xml
		Config\CodeSnippets\Plugins\Plugins.PhoneCall.Tests.xml = Config\CodeSnippets\Plugins\Plugins.PhoneCall.Tests.xml
		Config\CodeSnippets\Plugins\Plugins.PhoneCall.xml = Config\CodeSnippets\Plugins\Plugins.PhoneCall.xml
		Config\CodeSnippets\Plugins\Plugins.PictureChooser.Tests.xml = Config\CodeSnippets\Plugins\Plugins.PictureChooser.Tests.xml
		Config\CodeSnippets\Plugins\Plugins.PictureChooser.xml = Config\CodeSnippets\Plugins\Plugins.PictureChooser.xml
		Config\CodeSnippets\Plugins\Plugins.ReflectionEx.Tests.xml = Config\CodeSnippets\Plugins\Plugins.ReflectionEx.Tests.xml
		Config\CodeSnippets\Plugins\Plugins.ReflectionEx.xml = Config\CodeSnippets\Plugins\Plugins.ReflectionEx.xml
		Config\CodeSnippets\Plugins\Plugins.ResourceLoader.Tests.xml = Config\CodeSnippets\Plugins\Plugins.ResourceLoader.Tests.xml
		Config\CodeSnippets\Plugins\Plugins.ResourceLoader.xml = Config\CodeSnippets\Plugins\Plugins.ResourceLoader.xml
		Config\CodeSnippets\Plugins\Plugins.Settings.Tests.xml = Config\CodeSnippets\Plugins\Plugins.Settings.Tests.xml
		Config\CodeSnippets\Plugins\Plugins.Settings.xml = Config\CodeSnippets\Plugins\Plugins.Settings.xml
		Config\CodeSnippets\Plugins\Plugins.Share.Tests.xml = Config\CodeSnippets\Plugins\Plugins.Share.Tests.xml
		Config\CodeSnippets\Plugins\Plugins.Share.xml = Config\CodeSnippets\Plugins\Plugins.Share.xml
		Config\CodeSnippets\Plugins\Plugins.SimpleWebToken.Tests.xml = Config\CodeSnippets\Plugins\Plugins.SimpleWebToken.Tests.xml
		Config\CodeSnippets\Plugins\Plugins.SimpleWebToken.xml = Config\CodeSnippets\Plugins\Plugins.SimpleWebToken.xml
		Config\CodeSnippets\Plugins\Plugins.SMS.Tests.xml = Config\CodeSnippets\Plugins\Plugins.SMS.Tests.xml
		Config\CodeSnippets\Plugins\Plugins.SMS.xml = Config\CodeSnippets\Plugins\Plugins.SMS.xml
		Config\CodeSnippets\Plugins\Plugins.SoundEffects.Tests.xml = Config\CodeSnippets\Plugins\Plugins.SoundEffects.Tests.xml
		Config\CodeSnippets\Plugins\Plugins.SoundEffects.xml = Config\CodeSnippets\Plugins\Plugins.SoundEffects.xml
		Config\CodeSnippets\Plugins\Plugins.ThreadUtils.Tests.xml = Config\CodeSnippets\Plugins\Plugins.ThreadUtils.Tests.xml
		Config\CodeSnippets\Plugins\Plugins.ThreadUtils.xml = Config\CodeSnippets\Plugins\Plugins.ThreadUtils.xml
		Config\CodeSnippets\Plugins\Plugins.UserInteraction.Tests.xml = Config\CodeSnippets\Plugins\Plugins.UserInteraction.Tests.xml
		Config\CodeSnippets\Plugins\Plugins.UserInteraction.xml = Config\CodeSnippets\Plugins\Plugins.UserInteraction.xml
		Config\CodeSnippets\Plugins\Plugins.Vibration.Tests.xml = Config\CodeSnippets\Plugins\Plugins.Vibration.Tests.xml
		Config\CodeSnippets\Plugins\Plugins.Vibration.xml = Config\CodeSnippets\Plugins\Plugins.Vibration.xml
		Config\CodeSnippets\Plugins\Plugins.WebBrowser.Tests.xml = Config\CodeSnippets\Plugins\Plugins.WebBrowser.Tests.xml
		Config\CodeSnippets\Plugins\Plugins.WebBrowser.xml = Config\CodeSnippets\Plugins\Plugins.WebBrowser.xml
	EndProjectSection
EndProject
Project("{2150E333-8FDC-42A3-9474-1A3956D46DE8}") = "NuSpec", "NuSpec", "{6487A2BF-47FE-41C6-9B7F-D33363630C95}"
EndProject
Project("{2150E333-8FDC-42A3-9474-1A3956D46DE8}") = "MvvmCross", "MvvmCross", "{00EB0871-7621-4000-8CA1-0EB308F81E82}"
	ProjectSection(SolutionItems) = preProject
		NuSpec\MvvmCross\Scorchio.NinjaCoder.MvvmCross.1.0.0.nuspec = NuSpec\MvvmCross\Scorchio.NinjaCoder.MvvmCross.1.0.0.nuspec
		NuSpec\MvvmCross\Scorchio.NinjaCoder.MvvmCross.MSTests.1.0.2.nuspec = NuSpec\MvvmCross\Scorchio.NinjaCoder.MvvmCross.MSTests.1.0.2.nuspec
		NuSpec\MvvmCross\Scorchio.NinjaCoder.MvvmCross.NUnit.Tests.1.0.2.nuspec = NuSpec\MvvmCross\Scorchio.NinjaCoder.MvvmCross.NUnit.Tests.1.0.2.nuspec
		NuSpec\MvvmCross\Scorchio.NinjaCoder.MvvmCross.Wpf.1.0.4.nuspec = NuSpec\MvvmCross\Scorchio.NinjaCoder.MvvmCross.Wpf.1.0.4.nuspec
	EndProjectSection
EndProject
Project("{2150E333-8FDC-42A3-9474-1A3956D46DE8}") = "XamarinForms", "XamarinForms", "{91FC43D9-2BAF-43F8-A49E-DF84E5315198}"
	ProjectSection(SolutionItems) = preProject
		NuSpec\XamarinForms\Scorchio.NinjaCoder.Xamarin.Forms.1.0.11.nuspec = NuSpec\XamarinForms\Scorchio.NinjaCoder.Xamarin.Forms.1.0.11.nuspec
		NuSpec\XamarinForms\Scorchio.NinjaCoder.Xamarin.Forms.Core.1.0.5.nuspec = NuSpec\XamarinForms\Scorchio.NinjaCoder.Xamarin.Forms.Core.1.0.5.nuspec
		NuSpec\XamarinForms\Scorchio.NinjaCoder.Xamarin.Forms.Labs.1.0.3.nuspec = NuSpec\XamarinForms\Scorchio.NinjaCoder.Xamarin.Forms.Labs.1.0.3.nuspec
		NuSpec\XamarinForms\Scorchio.NinjaCoder.Xamarin.Forms.Wpf.1.0.5.nuspec = NuSpec\XamarinForms\Scorchio.NinjaCoder.Xamarin.Forms.Wpf.1.0.5.nuspec
	EndProjectSection
EndProject
Project("{2150E333-8FDC-42A3-9474-1A3956D46DE8}") = "NoFramework", "NoFramework", "{4157C2D6-6BC2-4514-B7E8-395BA9FA129F}"
	ProjectSection(SolutionItems) = preProject
		NuSpec\NoFramework\Scorchio.NinjaCoder.NoFramework.1.0.3.nuspec = NuSpec\NoFramework\Scorchio.NinjaCoder.NoFramework.1.0.3.nuspec
	EndProjectSection
EndProject
Project("{2150E333-8FDC-42A3-9474-1A3956D46DE8}") = "CoreContent", "CoreContent", "{1D2AE2A2-8597-4623-B009-4E6102284253}"
	ProjectSection(SolutionItems) = preProject
		NuSpec\MvvmCross\CoreContent\App.cs.pp = NuSpec\MvvmCross\CoreContent\App.cs.pp
	EndProjectSection
EndProject
Project("{2150E333-8FDC-42A3-9474-1A3956D46DE8}") = "Services", "Services", "{665D21F7-A1BF-4BCF-AFC8-6712E26D265E}"
	ProjectSection(SolutionItems) = preProject
		NuSpec\MvvmCross\CoreContent\Services\IViewModelService.cs.pp = NuSpec\MvvmCross\CoreContent\Services\IViewModelService.cs.pp
		NuSpec\MvvmCross\CoreContent\Services\ViewModelService.cs.pp = NuSpec\MvvmCross\CoreContent\Services\ViewModelService.cs.pp
	EndProjectSection
EndProject
Project("{2150E333-8FDC-42A3-9474-1A3956D46DE8}") = "ViewModels", "ViewModels", "{C16D0C56-5073-4B2C-9B13-E84778BAAE6F}"
	ProjectSection(SolutionItems) = preProject
		NuSpec\MvvmCross\CoreContent\ViewModels\BaseViewModel.cs.pp = NuSpec\MvvmCross\CoreContent\ViewModels\BaseViewModel.cs.pp
	EndProjectSection
EndProject
Project("{2150E333-8FDC-42A3-9474-1A3956D46DE8}") = "DroidContent", "DroidContent", "{97C98269-E8F7-4213-B0CC-B330CE1CFB89}"
	ProjectSection(SolutionItems) = preProject
		NuSpec\MvvmCross\DroidContent\LinkerPleaseInclude.cs.pp = NuSpec\MvvmCross\DroidContent\LinkerPleaseInclude.cs.pp
		NuSpec\MvvmCross\DroidContent\Setup.cs.pp = NuSpec\MvvmCross\DroidContent\Setup.cs.pp
		NuSpec\MvvmCross\DroidContent\SplashScreen.cs.pp = NuSpec\MvvmCross\DroidContent\SplashScreen.cs.pp
	EndProjectSection
EndProject
Project("{2150E333-8FDC-42A3-9474-1A3956D46DE8}") = "FormsContent", "FormsContent", "{57FFB3AE-5AD9-48E8-AD82-24FCC50E54A8}"
	ProjectSection(SolutionItems) = preProject
		NuSpec\MvvmCross\FormsContent\IPageService.cs.pp = NuSpec\MvvmCross\FormsContent\IPageService.cs.pp
		NuSpec\MvvmCross\FormsContent\PageService.cs.pp = NuSpec\MvvmCross\FormsContent\PageService.cs.pp
	EndProjectSection
EndProject
Project("{2150E333-8FDC-42A3-9474-1A3956D46DE8}") = "iOSContent", "iOSContent", "{8563A085-1568-48E7-BEC5-2795536EAEC0}"
	ProjectSection(SolutionItems) = preProject
		NuSpec\MvvmCross\iOSContent\AppDelegate.cs.pp = NuSpec\MvvmCross\iOSContent\AppDelegate.cs.pp
		NuSpec\MvvmCross\iOSContent\LinkerPleaseInclude.cs.pp = NuSpec\MvvmCross\iOSContent\LinkerPleaseInclude.cs.pp
		NuSpec\MvvmCross\iOSContent\Main.cs.pp = NuSpec\MvvmCross\iOSContent\Main.cs.pp
		NuSpec\MvvmCross\iOSContent\Setup.cs.pp = NuSpec\MvvmCross\iOSContent\Setup.cs.pp
	EndProjectSection
EndProject
Project("{2150E333-8FDC-42A3-9474-1A3956D46DE8}") = "TestContent", "TestContent", "{FCE95796-5609-498F-8A7D-0FA014692ABD}"
	ProjectSection(SolutionItems) = preProject
		NuSpec\MvvmCross\TestContent\MSTestsBaseTest.cs.pp = NuSpec\MvvmCross\TestContent\MSTestsBaseTest.cs.pp
		NuSpec\MvvmCross\TestContent\NUnitBaseTest.cs.pp = NuSpec\MvvmCross\TestContent\NUnitBaseTest.cs.pp
	EndProjectSection
EndProject
Project("{2150E333-8FDC-42A3-9474-1A3956D46DE8}") = "WindowsPhoneContent", "WindowsPhoneContent", "{5FF965F5-55BF-4E79-8923-3E9B7C198973}"
	ProjectSection(SolutionItems) = preProject
		NuSpec\MvvmCross\WindowsPhoneContent\App.xaml.cs.pp = NuSpec\MvvmCross\WindowsPhoneContent\App.xaml.cs.pp
		NuSpec\MvvmCross\WindowsPhoneContent\App.xaml.pp = NuSpec\MvvmCross\WindowsPhoneContent\App.xaml.pp
		NuSpec\MvvmCross\WindowsPhoneContent\ApplicationIcon.png = NuSpec\MvvmCross\WindowsPhoneContent\ApplicationIcon.png
		NuSpec\MvvmCross\WindowsPhoneContent\Background.png = NuSpec\MvvmCross\WindowsPhoneContent\Background.png
		NuSpec\MvvmCross\WindowsPhoneContent\MainPage.xaml.cs.pp = NuSpec\MvvmCross\WindowsPhoneContent\MainPage.xaml.cs.pp
		NuSpec\MvvmCross\WindowsPhoneContent\MainPage.xaml.pp = NuSpec\MvvmCross\WindowsPhoneContent\MainPage.xaml.pp
		NuSpec\MvvmCross\WindowsPhoneContent\Setup.cs.pp = NuSpec\MvvmCross\WindowsPhoneContent\Setup.cs.pp
		NuSpec\MvvmCross\WindowsPhoneContent\SplashScreenImage.jpg = NuSpec\MvvmCross\WindowsPhoneContent\SplashScreenImage.jpg
	EndProjectSection
EndProject
Project("{2150E333-8FDC-42A3-9474-1A3956D46DE8}") = "Views", "Views", "{254384AB-B399-44B0-8DD1-A1C8BA5582DD}"
	ProjectSection(SolutionItems) = preProject
		NuSpec\MvvmCross\DroidContent\Views\BaseView.cs.pp = NuSpec\MvvmCross\DroidContent\Views\BaseView.cs.pp
	EndProjectSection
EndProject
Project("{2150E333-8FDC-42A3-9474-1A3956D46DE8}") = "Views", "Views", "{3E3B2A5E-C151-4772-9E37-2389BACF585C}"
	ProjectSection(SolutionItems) = preProject
		NuSpec\MvvmCross\iOSContent\Views\BaseView.cs.pp = NuSpec\MvvmCross\iOSContent\Views\BaseView.cs.pp
	EndProjectSection
EndProject
Project("{2150E333-8FDC-42A3-9474-1A3956D46DE8}") = "Views", "Views", "{D41E581F-7FC1-41B0-8491-6CFDE8E74C5A}"
	ProjectSection(SolutionItems) = preProject
		NuSpec\MvvmCross\WindowsPhoneContent\Views\BaseView.cs.pp = NuSpec\MvvmCross\WindowsPhoneContent\Views\BaseView.cs.pp
	EndProjectSection
EndProject
Project("{2150E333-8FDC-42A3-9474-1A3956D46DE8}") = "CoreContent", "CoreContent", "{19781428-8C5F-4FE8-A5F8-82020FEC95CA}"
	ProjectSection(SolutionItems) = preProject
		NuSpec\XamarinForms\CoreContent\Infrastructure.cs.pp = NuSpec\XamarinForms\CoreContent\Infrastructure.cs.pp
	EndProjectSection
EndProject
Project("{2150E333-8FDC-42A3-9474-1A3956D46DE8}") = "DroidContent", "DroidContent", "{920E2653-3B4C-4D18-B314-4D6205625ED2}"
	ProjectSection(SolutionItems) = preProject
		NuSpec\XamarinForms\DroidContent\FormsLabsMainActivity.cs.pp = NuSpec\XamarinForms\DroidContent\FormsLabsMainActivity.cs.pp
		NuSpec\XamarinForms\DroidContent\FormsMainActivity.cs.pp = NuSpec\XamarinForms\DroidContent\FormsMainActivity.cs.pp
	EndProjectSection
EndProject
Project("{2150E333-8FDC-42A3-9474-1A3956D46DE8}") = "iOSContent", "iOSContent", "{EAE2971C-34A5-41C3-86BF-758D28D0EC2B}"
	ProjectSection(SolutionItems) = preProject
		NuSpec\XamarinForms\iOSContent\AppDelegate.cs.pp = NuSpec\XamarinForms\iOSContent\AppDelegate.cs.pp
		NuSpec\XamarinForms\iOSContent\LabsAppDelegate.cs.pp = NuSpec\XamarinForms\iOSContent\LabsAppDelegate.cs.pp
		NuSpec\XamarinForms\iOSContent\Main.cs.pp = NuSpec\XamarinForms\iOSContent\Main.cs.pp
	EndProjectSection
EndProject
Project("{2150E333-8FDC-42A3-9474-1A3956D46DE8}") = "WindowsPhoneContent", "WindowsPhoneContent", "{5F999CCF-5F43-43E0-95C2-257567B55463}"
	ProjectSection(SolutionItems) = preProject
		NuSpec\XamarinForms\WindowsPhoneContent\App.xaml.cs.pp = NuSpec\XamarinForms\WindowsPhoneContent\App.xaml.cs.pp
		NuSpec\XamarinForms\WindowsPhoneContent\App.xaml.pp = NuSpec\XamarinForms\WindowsPhoneContent\App.xaml.pp
		NuSpec\XamarinForms\WindowsPhoneContent\FormsLabsApp.xaml.cs.pp = NuSpec\XamarinForms\WindowsPhoneContent\FormsLabsApp.xaml.cs.pp
		NuSpec\XamarinForms\WindowsPhoneContent\FormsLabsApp.xaml.pp = NuSpec\XamarinForms\WindowsPhoneContent\FormsLabsApp.xaml.pp
		NuSpec\XamarinForms\WindowsPhoneContent\FormsLabsMainPage.xaml.cs.pp = NuSpec\XamarinForms\WindowsPhoneContent\FormsLabsMainPage.xaml.cs.pp
		NuSpec\XamarinForms\WindowsPhoneContent\MainPage.xaml.cs.pp = NuSpec\XamarinForms\WindowsPhoneContent\MainPage.xaml.cs.pp
		NuSpec\XamarinForms\WindowsPhoneContent\MainPage.xaml.pp = NuSpec\XamarinForms\WindowsPhoneContent\MainPage.xaml.pp
	EndProjectSection
EndProject
Project("{2150E333-8FDC-42A3-9474-1A3956D46DE8}") = "DroidContent", "DroidContent", "{1DAA6314-BAD5-47F8-ADA6-186C63F0EDAB}"
	ProjectSection(SolutionItems) = preProject
		NuSpec\NoFramework\DroidContent\MainActivity.cs.pp = NuSpec\NoFramework\DroidContent\MainActivity.cs.pp
	EndProjectSection
EndProject
Project("{2150E333-8FDC-42A3-9474-1A3956D46DE8}") = "iOSContent", "iOSContent", "{019DD289-282D-47EB-88BA-B37C595C4262}"
	ProjectSection(SolutionItems) = preProject
		NuSpec\NoFramework\iOSContent\AppDelegate.cs.pp = NuSpec\NoFramework\iOSContent\AppDelegate.cs.pp
		NuSpec\NoFramework\iOSContent\Main.cs.pp = NuSpec\NoFramework\iOSContent\Main.cs.pp
	EndProjectSection
EndProject
Project("{2150E333-8FDC-42A3-9474-1A3956D46DE8}") = "WindowsPhoneContent", "WindowsPhoneContent", "{E67C8D00-5BA9-4160-99EB-13039CE7D639}"
	ProjectSection(SolutionItems) = preProject
		NuSpec\NoFramework\WindowsPhoneContent\App.xaml.cs.pp = NuSpec\NoFramework\WindowsPhoneContent\App.xaml.cs.pp
		NuSpec\NoFramework\WindowsPhoneContent\App.xaml.pp = NuSpec\NoFramework\WindowsPhoneContent\App.xaml.pp
	EndProjectSection
EndProject
Project("{2150E333-8FDC-42A3-9474-1A3956D46DE8}") = "Testing", "Testing", "{36E56479-B1AE-4459-B99E-524C15319D38}"
	ProjectSection(SolutionItems) = preProject
		NuSpec\Testing\Scorchio.NinjaCoder.MSTest.Tests.1.0.1.nuspec = NuSpec\Testing\Scorchio.NinjaCoder.MSTest.Tests.1.0.1.nuspec
		NuSpec\Testing\Scorchio.NinjaCoder.NUnit.Tests.1.0.2.nuspec = NuSpec\Testing\Scorchio.NinjaCoder.NUnit.Tests.1.0.2.nuspec
		NuSpec\Testing\Scorchio.NinjaCoder.XUnit.Tests.1.0.0.nuspec = NuSpec\Testing\Scorchio.NinjaCoder.XUnit.Tests.1.0.0.nuspec
	EndProjectSection
EndProject
Project("{2150E333-8FDC-42A3-9474-1A3956D46DE8}") = "TestContent", "TestContent", "{2AE0C02E-B13A-466D-9BC4-BA8D003724CE}"
	ProjectSection(SolutionItems) = preProject
		NuSpec\Testing\TestContent\MockDispatcher.cs.pp = NuSpec\Testing\TestContent\MockDispatcher.cs.pp
		NuSpec\Testing\TestContent\MSTestBaseTest.cs.pp = NuSpec\Testing\TestContent\MSTestBaseTest.cs.pp
		NuSpec\Testing\TestContent\NUnitBaseTest.cs.pp = NuSpec\Testing\TestContent\NUnitBaseTest.cs.pp
		NuSpec\Testing\TestContent\TestTrace.cs.pp = NuSpec\Testing\TestContent\TestTrace.cs.pp
		NuSpec\Testing\TestContent\XUnitBaseTest.cs.pp = NuSpec\Testing\TestContent\XUnitBaseTest.cs.pp
	EndProjectSection
EndProject
Project("{2150E333-8FDC-42A3-9474-1A3956D46DE8}") = "WpfContent", "WpfContent", "{F70595F7-5472-4EAE-A57B-550ED68B1827}"
	ProjectSection(SolutionItems) = preProject
		NuSpec\MvvmCross\WpfContent\App.xaml.cs.pp = NuSpec\MvvmCross\WpfContent\App.xaml.cs.pp
		NuSpec\MvvmCross\WpfContent\Setup.cs.pp = NuSpec\MvvmCross\WpfContent\Setup.cs.pp
	EndProjectSection
EndProject
Project("{2150E333-8FDC-42A3-9474-1A3956D46DE8}") = "Views", "Views", "{1CCD6769-28C7-4DFC-AC51-6F9EF1CDE027}"
	ProjectSection(SolutionItems) = preProject
		NuSpec\MvvmCross\WpfContent\Views\BaseView.cs.pp = NuSpec\MvvmCross\WpfContent\Views\BaseView.cs.pp
	EndProjectSection
EndProject
Project("{2150E333-8FDC-42A3-9474-1A3956D46DE8}") = "WpfContent", "WpfContent", "{86848CC5-6D2D-4730-A25A-B68332A06460}"
	ProjectSection(SolutionItems) = preProject
		NuSpec\XamarinForms\WpfContent\MainWindow.xaml.cs.pp = NuSpec\XamarinForms\WpfContent\MainWindow.xaml.cs.pp
		NuSpec\XamarinForms\WpfContent\MainWindow.xaml.pp = NuSpec\XamarinForms\WpfContent\MainWindow.xaml.pp
	EndProjectSection
EndProject
Project("{2150E333-8FDC-42A3-9474-1A3956D46DE8}") = "MvvmCrossAndXamarinForms", "MvvmCrossAndXamarinForms", "{6FCD48A4-5E35-4382-96B2-2FC5E439D43C}"
	ProjectSection(SolutionItems) = preProject
		NuSpec\MvvmCrossAndXamarinForms\Scorchio.NinjaCoder.MvvmCross.Xamarin.Forms.1.0.8.nuspec = NuSpec\MvvmCrossAndXamarinForms\Scorchio.NinjaCoder.MvvmCross.Xamarin.Forms.1.0.8.nuspec
		NuSpec\MvvmCrossAndXamarinForms\Scorchio.NinjaCoder.MvvmCross.Xamarin.Forms.Core.1.0.2.nuspec = NuSpec\MvvmCrossAndXamarinForms\Scorchio.NinjaCoder.MvvmCross.Xamarin.Forms.Core.1.0.2.nuspec
	EndProjectSection
EndProject
Project("{2150E333-8FDC-42A3-9474-1A3956D46DE8}") = "ViewModels", "ViewModels", "{FFB3674A-D02F-4CD3-8F2A-3F34A33FFF27}"
	ProjectSection(SolutionItems) = preProject
		NuSpec\XamarinForms\CoreContent\ViewModels\BaseViewModel.cs.pp = NuSpec\XamarinForms\CoreContent\ViewModels\BaseViewModel.cs.pp
	EndProjectSection
EndProject
Project("{2150E333-8FDC-42A3-9474-1A3956D46DE8}") = "FormsContent", "FormsContent", "{CF5A9719-BF39-45A3-9921-8B4C820FB548}"
	ProjectSection(SolutionItems) = preProject
		NuSpec\MvvmCrossAndXamarinForms\FormsContent\XamarinFormsApp.cs.pp = NuSpec\MvvmCrossAndXamarinForms\FormsContent\XamarinFormsApp.cs.pp
	EndProjectSection
EndProject
Project("{2150E333-8FDC-42A3-9474-1A3956D46DE8}") = "iOSContent", "iOSContent", "{431D8C39-D17C-4DA6-A1E6-5C5E4E6A0327}"
	ProjectSection(SolutionItems) = preProject
		NuSpec\MvvmCrossAndXamarinForms\iOSContent\Setup.cs.pp = NuSpec\MvvmCrossAndXamarinForms\iOSContent\Setup.cs.pp
	EndProjectSection
EndProject
Project("{2150E333-8FDC-42A3-9474-1A3956D46DE8}") = "Presenters", "Presenters", "{26B56DF6-FAD8-46AA-A963-F37271E3DF3C}"
	ProjectSection(SolutionItems) = preProject
		NuSpec\MvvmCrossAndXamarinForms\iOSContent\Presenters\MvxFormsTouchViewPresenter.cs.pp = NuSpec\MvvmCrossAndXamarinForms\iOSContent\Presenters\MvxFormsTouchViewPresenter.cs.pp
	EndProjectSection
EndProject
Project("{2150E333-8FDC-42A3-9474-1A3956D46DE8}") = "DroidContent", "DroidContent", "{1E7C934A-35B9-4CB3-8009-77BBD9EAB32C}"
	ProjectSection(SolutionItems) = preProject
		NuSpec\MvvmCrossAndXamarinForms\DroidContent\MainActivity.cs.pp = NuSpec\MvvmCrossAndXamarinForms\DroidContent\MainActivity.cs.pp
		NuSpec\MvvmCrossAndXamarinForms\DroidContent\Setup.cs.pp = NuSpec\MvvmCrossAndXamarinForms\DroidContent\Setup.cs.pp
		NuSpec\MvvmCrossAndXamarinForms\DroidContent\SplashScreen.cs.pp = NuSpec\MvvmCrossAndXamarinForms\DroidContent\SplashScreen.cs.pp
	EndProjectSection
EndProject
Project("{2150E333-8FDC-42A3-9474-1A3956D46DE8}") = "Presenters", "Presenters", "{5BA19C42-DCEA-4CD7-B3AB-F96281D29627}"
	ProjectSection(SolutionItems) = preProject
		NuSpec\MvvmCrossAndXamarinForms\DroidContent\Presenters\MvxFormsAndroidViewPresenter.cs.pp = NuSpec\MvvmCrossAndXamarinForms\DroidContent\Presenters\MvxFormsAndroidViewPresenter.cs.pp
	EndProjectSection
EndProject
Project("{2150E333-8FDC-42A3-9474-1A3956D46DE8}") = "WindowsPhoneContent", "WindowsPhoneContent", "{FD8DD122-AE73-4DD1-A485-2FC02D239287}"
	ProjectSection(SolutionItems) = preProject
		NuSpec\MvvmCrossAndXamarinForms\WindowsPhoneContent\MainPage.xaml.cs.pp = NuSpec\MvvmCrossAndXamarinForms\WindowsPhoneContent\MainPage.xaml.cs.pp
		NuSpec\MvvmCrossAndXamarinForms\WindowsPhoneContent\MainPage.xaml.pp = NuSpec\MvvmCrossAndXamarinForms\WindowsPhoneContent\MainPage.xaml.pp
		NuSpec\MvvmCrossAndXamarinForms\WindowsPhoneContent\Setup.cs.pp = NuSpec\MvvmCrossAndXamarinForms\WindowsPhoneContent\Setup.cs.pp
	EndProjectSection
EndProject
Project("{2150E333-8FDC-42A3-9474-1A3956D46DE8}") = "Presenters", "Presenters", "{BBBC1784-4C53-48BE-9174-242870C0D954}"
	ProjectSection(SolutionItems) = preProject
		NuSpec\MvvmCrossAndXamarinForms\WindowsPhoneContent\Presenters\MvxFormsWindowsPhoneViewPresenter.cs.pp = NuSpec\MvvmCrossAndXamarinForms\WindowsPhoneContent\Presenters\MvxFormsWindowsPhoneViewPresenter.cs.pp
	EndProjectSection
EndProject
Project("{2150E333-8FDC-42A3-9474-1A3956D46DE8}") = "FormsContent", "FormsContent", "{A8736A28-5B28-41DE-B8E5-7906CB2FDC9D}"
	ProjectSection(SolutionItems) = preProject
		NuSpec\XamarinForms\FormsContent\App.cs.pp = NuSpec\XamarinForms\FormsContent\App.cs.pp
	EndProjectSection
EndProject
Project("{2150E333-8FDC-42A3-9474-1A3956D46DE8}") = "Services", "Services", "{1C8F650B-7674-41B0-9C59-760E1B4CE30C}"
EndProject
Project("{2150E333-8FDC-42A3-9474-1A3956D46DE8}") = "CoreContent", "CoreContent", "{684E7CB9-9F8C-4107-B485-0F0374FA31E3}"
EndProject
Project("{2150E333-8FDC-42A3-9474-1A3956D46DE8}") = "Services", "Services", "{A098DEA7-618A-45A1-8E0C-DA9FCE4332B3}"
EndProject
Project("{2150E333-8FDC-42A3-9474-1A3956D46DE8}") = "View", "View", "{7C634588-D638-4FB8-8877-FC82CF014EAD}"
	ProjectSection(SolutionItems) = preProject
		NuSpec\MvvmCrossAndXamarinForms\FormsContent\Services\View\IViewService.cs.pp = NuSpec\MvvmCrossAndXamarinForms\FormsContent\Services\View\IViewService.cs.pp
		NuSpec\MvvmCrossAndXamarinForms\FormsContent\Services\View\ViewService.cs.pp = NuSpec\MvvmCrossAndXamarinForms\FormsContent\Services\View\ViewService.cs.pp
	EndProjectSection
EndProject
Project("{2150E333-8FDC-42A3-9474-1A3956D46DE8}") = "ViewModel", "ViewModel", "{0B18030C-D403-4660-9B18-8357782BDB92}"
	ProjectSection(SolutionItems) = preProject
		NuSpec\MvvmCrossAndXamarinForms\CoreContent\Services\ViewModel\IViewModelService.cs.pp = NuSpec\MvvmCrossAndXamarinForms\CoreContent\Services\ViewModel\IViewModelService.cs.pp
		NuSpec\MvvmCrossAndXamarinForms\CoreContent\Services\ViewModel\ViewModelService.cs.pp = NuSpec\MvvmCrossAndXamarinForms\CoreContent\Services\ViewModel\ViewModelService.cs.pp
	EndProjectSection
EndProject
Global
	GlobalSection(SolutionConfigurationPlatforms) = preSolution
		Ad-Hoc|Any CPU = Ad-Hoc|Any CPU
		Ad-Hoc|ARM = Ad-Hoc|ARM
		Ad-Hoc|iPhone = Ad-Hoc|iPhone
		Ad-Hoc|iPhoneSimulator = Ad-Hoc|iPhoneSimulator
		Ad-Hoc|Mixed Platforms = Ad-Hoc|Mixed Platforms
		Ad-Hoc|x64 = Ad-Hoc|x64
		Ad-Hoc|x86 = Ad-Hoc|x86
		AppStore|Any CPU = AppStore|Any CPU
		AppStore|ARM = AppStore|ARM
		AppStore|iPhone = AppStore|iPhone
		AppStore|iPhoneSimulator = AppStore|iPhoneSimulator
		AppStore|Mixed Platforms = AppStore|Mixed Platforms
		AppStore|x64 = AppStore|x64
		AppStore|x86 = AppStore|x86
		CD_ROM|Any CPU = CD_ROM|Any CPU
		CD_ROM|ARM = CD_ROM|ARM
		CD_ROM|iPhone = CD_ROM|iPhone
		CD_ROM|iPhoneSimulator = CD_ROM|iPhoneSimulator
		CD_ROM|Mixed Platforms = CD_ROM|Mixed Platforms
		CD_ROM|x64 = CD_ROM|x64
		CD_ROM|x86 = CD_ROM|x86
		Debug|Any CPU = Debug|Any CPU
		Debug|ARM = Debug|ARM
		Debug|iPhone = Debug|iPhone
		Debug|iPhoneSimulator = Debug|iPhoneSimulator
		Debug|Mixed Platforms = Debug|Mixed Platforms
		Debug|x64 = Debug|x64
		Debug|x86 = Debug|x86
		DVD-5|Any CPU = DVD-5|Any CPU
		DVD-5|ARM = DVD-5|ARM
		DVD-5|iPhone = DVD-5|iPhone
		DVD-5|iPhoneSimulator = DVD-5|iPhoneSimulator
		DVD-5|Mixed Platforms = DVD-5|Mixed Platforms
		DVD-5|x64 = DVD-5|x64
		DVD-5|x86 = DVD-5|x86
		Release|Any CPU = Release|Any CPU
		Release|ARM = Release|ARM
		Release|iPhone = Release|iPhone
		Release|iPhoneSimulator = Release|iPhoneSimulator
		Release|Mixed Platforms = Release|Mixed Platforms
		Release|x64 = Release|x64
		Release|x86 = Release|x86
		SingleImage|Any CPU = SingleImage|Any CPU
		SingleImage|ARM = SingleImage|ARM
		SingleImage|iPhone = SingleImage|iPhone
		SingleImage|iPhoneSimulator = SingleImage|iPhoneSimulator
		SingleImage|Mixed Platforms = SingleImage|Mixed Platforms
		SingleImage|x64 = SingleImage|x64
		SingleImage|x86 = SingleImage|x86
	EndGlobalSection
	GlobalSection(ProjectConfigurationPlatforms) = postSolution
		{012E2419-08C3-4555-AF80-F101B02BBCF0}.Ad-Hoc|Any CPU.ActiveCfg = Release|Any CPU
		{012E2419-08C3-4555-AF80-F101B02BBCF0}.Ad-Hoc|Any CPU.Build.0 = Release|Any CPU
		{012E2419-08C3-4555-AF80-F101B02BBCF0}.Ad-Hoc|ARM.ActiveCfg = Release|Any CPU
		{012E2419-08C3-4555-AF80-F101B02BBCF0}.Ad-Hoc|iPhone.ActiveCfg = Release|Any CPU
		{012E2419-08C3-4555-AF80-F101B02BBCF0}.Ad-Hoc|iPhoneSimulator.ActiveCfg = Release|Any CPU
		{012E2419-08C3-4555-AF80-F101B02BBCF0}.Ad-Hoc|Mixed Platforms.ActiveCfg = Release|Any CPU
		{012E2419-08C3-4555-AF80-F101B02BBCF0}.Ad-Hoc|Mixed Platforms.Build.0 = Release|Any CPU
		{012E2419-08C3-4555-AF80-F101B02BBCF0}.Ad-Hoc|x64.ActiveCfg = Release|Any CPU
		{012E2419-08C3-4555-AF80-F101B02BBCF0}.Ad-Hoc|x86.ActiveCfg = Release|Any CPU
		{012E2419-08C3-4555-AF80-F101B02BBCF0}.AppStore|Any CPU.ActiveCfg = Release|Any CPU
		{012E2419-08C3-4555-AF80-F101B02BBCF0}.AppStore|Any CPU.Build.0 = Release|Any CPU
		{012E2419-08C3-4555-AF80-F101B02BBCF0}.AppStore|ARM.ActiveCfg = Release|Any CPU
		{012E2419-08C3-4555-AF80-F101B02BBCF0}.AppStore|iPhone.ActiveCfg = Release|Any CPU
		{012E2419-08C3-4555-AF80-F101B02BBCF0}.AppStore|iPhoneSimulator.ActiveCfg = Release|Any CPU
		{012E2419-08C3-4555-AF80-F101B02BBCF0}.AppStore|Mixed Platforms.ActiveCfg = Release|Any CPU
		{012E2419-08C3-4555-AF80-F101B02BBCF0}.AppStore|Mixed Platforms.Build.0 = Release|Any CPU
		{012E2419-08C3-4555-AF80-F101B02BBCF0}.AppStore|x64.ActiveCfg = Release|Any CPU
		{012E2419-08C3-4555-AF80-F101B02BBCF0}.AppStore|x86.ActiveCfg = Release|Any CPU
		{012E2419-08C3-4555-AF80-F101B02BBCF0}.CD_ROM|Any CPU.ActiveCfg = Debug|Any CPU
		{012E2419-08C3-4555-AF80-F101B02BBCF0}.CD_ROM|Any CPU.Build.0 = Debug|Any CPU
		{012E2419-08C3-4555-AF80-F101B02BBCF0}.CD_ROM|ARM.ActiveCfg = Debug|Any CPU
		{012E2419-08C3-4555-AF80-F101B02BBCF0}.CD_ROM|iPhone.ActiveCfg = Debug|Any CPU
		{012E2419-08C3-4555-AF80-F101B02BBCF0}.CD_ROM|iPhoneSimulator.ActiveCfg = Debug|Any CPU
		{012E2419-08C3-4555-AF80-F101B02BBCF0}.CD_ROM|Mixed Platforms.ActiveCfg = Debug|Any CPU
		{012E2419-08C3-4555-AF80-F101B02BBCF0}.CD_ROM|Mixed Platforms.Build.0 = Debug|Any CPU
		{012E2419-08C3-4555-AF80-F101B02BBCF0}.CD_ROM|x64.ActiveCfg = Debug|Any CPU
		{012E2419-08C3-4555-AF80-F101B02BBCF0}.CD_ROM|x86.ActiveCfg = Debug|Any CPU
		{012E2419-08C3-4555-AF80-F101B02BBCF0}.Debug|Any CPU.ActiveCfg = Debug|Any CPU
		{012E2419-08C3-4555-AF80-F101B02BBCF0}.Debug|Any CPU.Build.0 = Debug|Any CPU
		{012E2419-08C3-4555-AF80-F101B02BBCF0}.Debug|ARM.ActiveCfg = Debug|Any CPU
		{012E2419-08C3-4555-AF80-F101B02BBCF0}.Debug|iPhone.ActiveCfg = Debug|Any CPU
		{012E2419-08C3-4555-AF80-F101B02BBCF0}.Debug|iPhoneSimulator.ActiveCfg = Debug|Any CPU
		{012E2419-08C3-4555-AF80-F101B02BBCF0}.Debug|Mixed Platforms.ActiveCfg = Debug|Any CPU
		{012E2419-08C3-4555-AF80-F101B02BBCF0}.Debug|Mixed Platforms.Build.0 = Debug|Any CPU
		{012E2419-08C3-4555-AF80-F101B02BBCF0}.Debug|x64.ActiveCfg = Debug|Any CPU
		{012E2419-08C3-4555-AF80-F101B02BBCF0}.Debug|x86.ActiveCfg = Debug|Any CPU
		{012E2419-08C3-4555-AF80-F101B02BBCF0}.DVD-5|Any CPU.ActiveCfg = Debug|Any CPU
		{012E2419-08C3-4555-AF80-F101B02BBCF0}.DVD-5|Any CPU.Build.0 = Debug|Any CPU
		{012E2419-08C3-4555-AF80-F101B02BBCF0}.DVD-5|ARM.ActiveCfg = Debug|Any CPU
		{012E2419-08C3-4555-AF80-F101B02BBCF0}.DVD-5|iPhone.ActiveCfg = Debug|Any CPU
		{012E2419-08C3-4555-AF80-F101B02BBCF0}.DVD-5|iPhoneSimulator.ActiveCfg = Debug|Any CPU
		{012E2419-08C3-4555-AF80-F101B02BBCF0}.DVD-5|Mixed Platforms.ActiveCfg = Debug|Any CPU
		{012E2419-08C3-4555-AF80-F101B02BBCF0}.DVD-5|Mixed Platforms.Build.0 = Debug|Any CPU
		{012E2419-08C3-4555-AF80-F101B02BBCF0}.DVD-5|x64.ActiveCfg = Debug|Any CPU
		{012E2419-08C3-4555-AF80-F101B02BBCF0}.DVD-5|x86.ActiveCfg = Debug|Any CPU
		{012E2419-08C3-4555-AF80-F101B02BBCF0}.Release|Any CPU.ActiveCfg = Release|Any CPU
		{012E2419-08C3-4555-AF80-F101B02BBCF0}.Release|Any CPU.Build.0 = Release|Any CPU
		{012E2419-08C3-4555-AF80-F101B02BBCF0}.Release|ARM.ActiveCfg = Release|Any CPU
		{012E2419-08C3-4555-AF80-F101B02BBCF0}.Release|iPhone.ActiveCfg = Release|Any CPU
		{012E2419-08C3-4555-AF80-F101B02BBCF0}.Release|iPhoneSimulator.ActiveCfg = Release|Any CPU
		{012E2419-08C3-4555-AF80-F101B02BBCF0}.Release|Mixed Platforms.ActiveCfg = Release|Any CPU
		{012E2419-08C3-4555-AF80-F101B02BBCF0}.Release|Mixed Platforms.Build.0 = Release|Any CPU
		{012E2419-08C3-4555-AF80-F101B02BBCF0}.Release|x64.ActiveCfg = Release|Any CPU
		{012E2419-08C3-4555-AF80-F101B02BBCF0}.Release|x86.ActiveCfg = Release|Any CPU
		{012E2419-08C3-4555-AF80-F101B02BBCF0}.SingleImage|Any CPU.ActiveCfg = Debug|Any CPU
		{012E2419-08C3-4555-AF80-F101B02BBCF0}.SingleImage|Any CPU.Build.0 = Debug|Any CPU
		{012E2419-08C3-4555-AF80-F101B02BBCF0}.SingleImage|ARM.ActiveCfg = Debug|Any CPU
		{012E2419-08C3-4555-AF80-F101B02BBCF0}.SingleImage|iPhone.ActiveCfg = Debug|Any CPU
		{012E2419-08C3-4555-AF80-F101B02BBCF0}.SingleImage|iPhoneSimulator.ActiveCfg = Debug|Any CPU
		{012E2419-08C3-4555-AF80-F101B02BBCF0}.SingleImage|Mixed Platforms.ActiveCfg = Debug|Any CPU
		{012E2419-08C3-4555-AF80-F101B02BBCF0}.SingleImage|Mixed Platforms.Build.0 = Debug|Any CPU
		{012E2419-08C3-4555-AF80-F101B02BBCF0}.SingleImage|x64.ActiveCfg = Debug|Any CPU
		{012E2419-08C3-4555-AF80-F101B02BBCF0}.SingleImage|x86.ActiveCfg = Debug|Any CPU
		{678643F4-34D9-43AC-AC1B-55FC0D58B598}.Ad-Hoc|Any CPU.ActiveCfg = Release|Any CPU
		{678643F4-34D9-43AC-AC1B-55FC0D58B598}.Ad-Hoc|Any CPU.Build.0 = Release|Any CPU
		{678643F4-34D9-43AC-AC1B-55FC0D58B598}.Ad-Hoc|ARM.ActiveCfg = Release|Any CPU
		{678643F4-34D9-43AC-AC1B-55FC0D58B598}.Ad-Hoc|iPhone.ActiveCfg = Release|Any CPU
		{678643F4-34D9-43AC-AC1B-55FC0D58B598}.Ad-Hoc|iPhoneSimulator.ActiveCfg = Release|Any CPU
		{678643F4-34D9-43AC-AC1B-55FC0D58B598}.Ad-Hoc|Mixed Platforms.ActiveCfg = Release|Any CPU
		{678643F4-34D9-43AC-AC1B-55FC0D58B598}.Ad-Hoc|Mixed Platforms.Build.0 = Release|Any CPU
		{678643F4-34D9-43AC-AC1B-55FC0D58B598}.Ad-Hoc|x64.ActiveCfg = Release|Any CPU
		{678643F4-34D9-43AC-AC1B-55FC0D58B598}.Ad-Hoc|x86.ActiveCfg = Release|Any CPU
		{678643F4-34D9-43AC-AC1B-55FC0D58B598}.AppStore|Any CPU.ActiveCfg = Release|Any CPU
		{678643F4-34D9-43AC-AC1B-55FC0D58B598}.AppStore|Any CPU.Build.0 = Release|Any CPU
		{678643F4-34D9-43AC-AC1B-55FC0D58B598}.AppStore|ARM.ActiveCfg = Release|Any CPU
		{678643F4-34D9-43AC-AC1B-55FC0D58B598}.AppStore|iPhone.ActiveCfg = Release|Any CPU
		{678643F4-34D9-43AC-AC1B-55FC0D58B598}.AppStore|iPhoneSimulator.ActiveCfg = Release|Any CPU
		{678643F4-34D9-43AC-AC1B-55FC0D58B598}.AppStore|Mixed Platforms.ActiveCfg = Release|Any CPU
		{678643F4-34D9-43AC-AC1B-55FC0D58B598}.AppStore|Mixed Platforms.Build.0 = Release|Any CPU
		{678643F4-34D9-43AC-AC1B-55FC0D58B598}.AppStore|x64.ActiveCfg = Release|Any CPU
		{678643F4-34D9-43AC-AC1B-55FC0D58B598}.AppStore|x86.ActiveCfg = Release|Any CPU
		{678643F4-34D9-43AC-AC1B-55FC0D58B598}.CD_ROM|Any CPU.ActiveCfg = Debug|Any CPU
		{678643F4-34D9-43AC-AC1B-55FC0D58B598}.CD_ROM|Any CPU.Build.0 = Debug|Any CPU
		{678643F4-34D9-43AC-AC1B-55FC0D58B598}.CD_ROM|ARM.ActiveCfg = Debug|Any CPU
		{678643F4-34D9-43AC-AC1B-55FC0D58B598}.CD_ROM|iPhone.ActiveCfg = Debug|Any CPU
		{678643F4-34D9-43AC-AC1B-55FC0D58B598}.CD_ROM|iPhoneSimulator.ActiveCfg = Debug|Any CPU
		{678643F4-34D9-43AC-AC1B-55FC0D58B598}.CD_ROM|Mixed Platforms.ActiveCfg = Debug|Any CPU
		{678643F4-34D9-43AC-AC1B-55FC0D58B598}.CD_ROM|Mixed Platforms.Build.0 = Debug|Any CPU
		{678643F4-34D9-43AC-AC1B-55FC0D58B598}.CD_ROM|x64.ActiveCfg = Debug|Any CPU
		{678643F4-34D9-43AC-AC1B-55FC0D58B598}.CD_ROM|x86.ActiveCfg = Debug|Any CPU
		{678643F4-34D9-43AC-AC1B-55FC0D58B598}.Debug|Any CPU.ActiveCfg = Debug|Any CPU
		{678643F4-34D9-43AC-AC1B-55FC0D58B598}.Debug|Any CPU.Build.0 = Debug|Any CPU
		{678643F4-34D9-43AC-AC1B-55FC0D58B598}.Debug|ARM.ActiveCfg = Debug|Any CPU
		{678643F4-34D9-43AC-AC1B-55FC0D58B598}.Debug|iPhone.ActiveCfg = Debug|Any CPU
		{678643F4-34D9-43AC-AC1B-55FC0D58B598}.Debug|iPhoneSimulator.ActiveCfg = Debug|Any CPU
		{678643F4-34D9-43AC-AC1B-55FC0D58B598}.Debug|Mixed Platforms.ActiveCfg = Debug|Any CPU
		{678643F4-34D9-43AC-AC1B-55FC0D58B598}.Debug|Mixed Platforms.Build.0 = Debug|Any CPU
		{678643F4-34D9-43AC-AC1B-55FC0D58B598}.Debug|x64.ActiveCfg = Debug|Any CPU
		{678643F4-34D9-43AC-AC1B-55FC0D58B598}.Debug|x86.ActiveCfg = Debug|Any CPU
		{678643F4-34D9-43AC-AC1B-55FC0D58B598}.DVD-5|Any CPU.ActiveCfg = Debug|Any CPU
		{678643F4-34D9-43AC-AC1B-55FC0D58B598}.DVD-5|Any CPU.Build.0 = Debug|Any CPU
		{678643F4-34D9-43AC-AC1B-55FC0D58B598}.DVD-5|ARM.ActiveCfg = Debug|Any CPU
		{678643F4-34D9-43AC-AC1B-55FC0D58B598}.DVD-5|iPhone.ActiveCfg = Debug|Any CPU
		{678643F4-34D9-43AC-AC1B-55FC0D58B598}.DVD-5|iPhoneSimulator.ActiveCfg = Debug|Any CPU
		{678643F4-34D9-43AC-AC1B-55FC0D58B598}.DVD-5|Mixed Platforms.ActiveCfg = Debug|Any CPU
		{678643F4-34D9-43AC-AC1B-55FC0D58B598}.DVD-5|Mixed Platforms.Build.0 = Debug|Any CPU
		{678643F4-34D9-43AC-AC1B-55FC0D58B598}.DVD-5|x64.ActiveCfg = Debug|Any CPU
		{678643F4-34D9-43AC-AC1B-55FC0D58B598}.DVD-5|x86.ActiveCfg = Debug|Any CPU
		{678643F4-34D9-43AC-AC1B-55FC0D58B598}.Release|Any CPU.ActiveCfg = Release|Any CPU
		{678643F4-34D9-43AC-AC1B-55FC0D58B598}.Release|Any CPU.Build.0 = Release|Any CPU
		{678643F4-34D9-43AC-AC1B-55FC0D58B598}.Release|ARM.ActiveCfg = Release|Any CPU
		{678643F4-34D9-43AC-AC1B-55FC0D58B598}.Release|iPhone.ActiveCfg = Release|Any CPU
		{678643F4-34D9-43AC-AC1B-55FC0D58B598}.Release|iPhoneSimulator.ActiveCfg = Release|Any CPU
		{678643F4-34D9-43AC-AC1B-55FC0D58B598}.Release|Mixed Platforms.ActiveCfg = Release|Any CPU
		{678643F4-34D9-43AC-AC1B-55FC0D58B598}.Release|Mixed Platforms.Build.0 = Release|Any CPU
		{678643F4-34D9-43AC-AC1B-55FC0D58B598}.Release|x64.ActiveCfg = Release|Any CPU
		{678643F4-34D9-43AC-AC1B-55FC0D58B598}.Release|x86.ActiveCfg = Release|Any CPU
		{678643F4-34D9-43AC-AC1B-55FC0D58B598}.SingleImage|Any CPU.ActiveCfg = Debug|Any CPU
		{678643F4-34D9-43AC-AC1B-55FC0D58B598}.SingleImage|Any CPU.Build.0 = Debug|Any CPU
		{678643F4-34D9-43AC-AC1B-55FC0D58B598}.SingleImage|ARM.ActiveCfg = Debug|Any CPU
		{678643F4-34D9-43AC-AC1B-55FC0D58B598}.SingleImage|iPhone.ActiveCfg = Debug|Any CPU
		{678643F4-34D9-43AC-AC1B-55FC0D58B598}.SingleImage|iPhoneSimulator.ActiveCfg = Debug|Any CPU
		{678643F4-34D9-43AC-AC1B-55FC0D58B598}.SingleImage|Mixed Platforms.ActiveCfg = Debug|Any CPU
		{678643F4-34D9-43AC-AC1B-55FC0D58B598}.SingleImage|Mixed Platforms.Build.0 = Debug|Any CPU
		{678643F4-34D9-43AC-AC1B-55FC0D58B598}.SingleImage|x64.ActiveCfg = Debug|Any CPU
		{678643F4-34D9-43AC-AC1B-55FC0D58B598}.SingleImage|x86.ActiveCfg = Debug|Any CPU
		{54C786E5-FD14-4036-92AE-E9F25B71534B}.Ad-Hoc|Any CPU.ActiveCfg = Release|Any CPU
		{54C786E5-FD14-4036-92AE-E9F25B71534B}.Ad-Hoc|Any CPU.Build.0 = Release|Any CPU
		{54C786E5-FD14-4036-92AE-E9F25B71534B}.Ad-Hoc|ARM.ActiveCfg = Release|Any CPU
		{54C786E5-FD14-4036-92AE-E9F25B71534B}.Ad-Hoc|iPhone.ActiveCfg = Release|Any CPU
		{54C786E5-FD14-4036-92AE-E9F25B71534B}.Ad-Hoc|iPhoneSimulator.ActiveCfg = Release|Any CPU
		{54C786E5-FD14-4036-92AE-E9F25B71534B}.Ad-Hoc|Mixed Platforms.ActiveCfg = Release|Any CPU
		{54C786E5-FD14-4036-92AE-E9F25B71534B}.Ad-Hoc|Mixed Platforms.Build.0 = Release|Any CPU
		{54C786E5-FD14-4036-92AE-E9F25B71534B}.Ad-Hoc|x64.ActiveCfg = Release|Any CPU
		{54C786E5-FD14-4036-92AE-E9F25B71534B}.Ad-Hoc|x86.ActiveCfg = Release|Any CPU
		{54C786E5-FD14-4036-92AE-E9F25B71534B}.AppStore|Any CPU.ActiveCfg = Release|Any CPU
		{54C786E5-FD14-4036-92AE-E9F25B71534B}.AppStore|Any CPU.Build.0 = Release|Any CPU
		{54C786E5-FD14-4036-92AE-E9F25B71534B}.AppStore|ARM.ActiveCfg = Release|Any CPU
		{54C786E5-FD14-4036-92AE-E9F25B71534B}.AppStore|iPhone.ActiveCfg = Release|Any CPU
		{54C786E5-FD14-4036-92AE-E9F25B71534B}.AppStore|iPhoneSimulator.ActiveCfg = Release|Any CPU
		{54C786E5-FD14-4036-92AE-E9F25B71534B}.AppStore|Mixed Platforms.ActiveCfg = Release|Any CPU
		{54C786E5-FD14-4036-92AE-E9F25B71534B}.AppStore|Mixed Platforms.Build.0 = Release|Any CPU
		{54C786E5-FD14-4036-92AE-E9F25B71534B}.AppStore|x64.ActiveCfg = Release|Any CPU
		{54C786E5-FD14-4036-92AE-E9F25B71534B}.AppStore|x86.ActiveCfg = Release|Any CPU
		{54C786E5-FD14-4036-92AE-E9F25B71534B}.CD_ROM|Any CPU.ActiveCfg = Debug|Any CPU
		{54C786E5-FD14-4036-92AE-E9F25B71534B}.CD_ROM|Any CPU.Build.0 = Debug|Any CPU
		{54C786E5-FD14-4036-92AE-E9F25B71534B}.CD_ROM|ARM.ActiveCfg = Debug|Any CPU
		{54C786E5-FD14-4036-92AE-E9F25B71534B}.CD_ROM|iPhone.ActiveCfg = Debug|Any CPU
		{54C786E5-FD14-4036-92AE-E9F25B71534B}.CD_ROM|iPhoneSimulator.ActiveCfg = Debug|Any CPU
		{54C786E5-FD14-4036-92AE-E9F25B71534B}.CD_ROM|Mixed Platforms.ActiveCfg = Debug|Any CPU
		{54C786E5-FD14-4036-92AE-E9F25B71534B}.CD_ROM|Mixed Platforms.Build.0 = Debug|Any CPU
		{54C786E5-FD14-4036-92AE-E9F25B71534B}.CD_ROM|x64.ActiveCfg = Debug|Any CPU
		{54C786E5-FD14-4036-92AE-E9F25B71534B}.CD_ROM|x86.ActiveCfg = Debug|Any CPU
		{54C786E5-FD14-4036-92AE-E9F25B71534B}.Debug|Any CPU.ActiveCfg = Debug|Any CPU
		{54C786E5-FD14-4036-92AE-E9F25B71534B}.Debug|Any CPU.Build.0 = Debug|Any CPU
		{54C786E5-FD14-4036-92AE-E9F25B71534B}.Debug|ARM.ActiveCfg = Debug|Any CPU
		{54C786E5-FD14-4036-92AE-E9F25B71534B}.Debug|iPhone.ActiveCfg = Debug|Any CPU
		{54C786E5-FD14-4036-92AE-E9F25B71534B}.Debug|iPhoneSimulator.ActiveCfg = Debug|Any CPU
		{54C786E5-FD14-4036-92AE-E9F25B71534B}.Debug|Mixed Platforms.ActiveCfg = Debug|Any CPU
		{54C786E5-FD14-4036-92AE-E9F25B71534B}.Debug|Mixed Platforms.Build.0 = Debug|Any CPU
		{54C786E5-FD14-4036-92AE-E9F25B71534B}.Debug|x64.ActiveCfg = Debug|Any CPU
		{54C786E5-FD14-4036-92AE-E9F25B71534B}.Debug|x86.ActiveCfg = Debug|Any CPU
		{54C786E5-FD14-4036-92AE-E9F25B71534B}.DVD-5|Any CPU.ActiveCfg = Debug|Any CPU
		{54C786E5-FD14-4036-92AE-E9F25B71534B}.DVD-5|Any CPU.Build.0 = Debug|Any CPU
		{54C786E5-FD14-4036-92AE-E9F25B71534B}.DVD-5|ARM.ActiveCfg = Debug|Any CPU
		{54C786E5-FD14-4036-92AE-E9F25B71534B}.DVD-5|iPhone.ActiveCfg = Debug|Any CPU
		{54C786E5-FD14-4036-92AE-E9F25B71534B}.DVD-5|iPhoneSimulator.ActiveCfg = Debug|Any CPU
		{54C786E5-FD14-4036-92AE-E9F25B71534B}.DVD-5|Mixed Platforms.ActiveCfg = Debug|Any CPU
		{54C786E5-FD14-4036-92AE-E9F25B71534B}.DVD-5|Mixed Platforms.Build.0 = Debug|Any CPU
		{54C786E5-FD14-4036-92AE-E9F25B71534B}.DVD-5|x64.ActiveCfg = Debug|Any CPU
		{54C786E5-FD14-4036-92AE-E9F25B71534B}.DVD-5|x86.ActiveCfg = Debug|Any CPU
		{54C786E5-FD14-4036-92AE-E9F25B71534B}.Release|Any CPU.ActiveCfg = Release|Any CPU
		{54C786E5-FD14-4036-92AE-E9F25B71534B}.Release|Any CPU.Build.0 = Release|Any CPU
		{54C786E5-FD14-4036-92AE-E9F25B71534B}.Release|ARM.ActiveCfg = Release|Any CPU
		{54C786E5-FD14-4036-92AE-E9F25B71534B}.Release|iPhone.ActiveCfg = Release|Any CPU
		{54C786E5-FD14-4036-92AE-E9F25B71534B}.Release|iPhoneSimulator.ActiveCfg = Release|Any CPU
		{54C786E5-FD14-4036-92AE-E9F25B71534B}.Release|Mixed Platforms.ActiveCfg = Release|Any CPU
		{54C786E5-FD14-4036-92AE-E9F25B71534B}.Release|Mixed Platforms.Build.0 = Release|Any CPU
		{54C786E5-FD14-4036-92AE-E9F25B71534B}.Release|x64.ActiveCfg = Release|Any CPU
		{54C786E5-FD14-4036-92AE-E9F25B71534B}.Release|x86.ActiveCfg = Release|Any CPU
		{54C786E5-FD14-4036-92AE-E9F25B71534B}.SingleImage|Any CPU.ActiveCfg = Debug|Any CPU
		{54C786E5-FD14-4036-92AE-E9F25B71534B}.SingleImage|Any CPU.Build.0 = Debug|Any CPU
		{54C786E5-FD14-4036-92AE-E9F25B71534B}.SingleImage|ARM.ActiveCfg = Debug|Any CPU
		{54C786E5-FD14-4036-92AE-E9F25B71534B}.SingleImage|iPhone.ActiveCfg = Debug|Any CPU
		{54C786E5-FD14-4036-92AE-E9F25B71534B}.SingleImage|iPhoneSimulator.ActiveCfg = Debug|Any CPU
		{54C786E5-FD14-4036-92AE-E9F25B71534B}.SingleImage|Mixed Platforms.ActiveCfg = Debug|Any CPU
		{54C786E5-FD14-4036-92AE-E9F25B71534B}.SingleImage|Mixed Platforms.Build.0 = Debug|Any CPU
		{54C786E5-FD14-4036-92AE-E9F25B71534B}.SingleImage|x64.ActiveCfg = Debug|Any CPU
		{54C786E5-FD14-4036-92AE-E9F25B71534B}.SingleImage|x86.ActiveCfg = Debug|Any CPU
		{1767BD7C-66AF-4864-9B13-1910399B305A}.Ad-Hoc|Any CPU.ActiveCfg = Release|Any CPU
		{1767BD7C-66AF-4864-9B13-1910399B305A}.Ad-Hoc|Any CPU.Build.0 = Release|Any CPU
		{1767BD7C-66AF-4864-9B13-1910399B305A}.Ad-Hoc|ARM.ActiveCfg = Release|Any CPU
		{1767BD7C-66AF-4864-9B13-1910399B305A}.Ad-Hoc|iPhone.ActiveCfg = Release|Any CPU
		{1767BD7C-66AF-4864-9B13-1910399B305A}.Ad-Hoc|iPhoneSimulator.ActiveCfg = Release|Any CPU
		{1767BD7C-66AF-4864-9B13-1910399B305A}.Ad-Hoc|Mixed Platforms.ActiveCfg = Release|Any CPU
		{1767BD7C-66AF-4864-9B13-1910399B305A}.Ad-Hoc|Mixed Platforms.Build.0 = Release|Any CPU
		{1767BD7C-66AF-4864-9B13-1910399B305A}.Ad-Hoc|x64.ActiveCfg = Release|Any CPU
		{1767BD7C-66AF-4864-9B13-1910399B305A}.Ad-Hoc|x86.ActiveCfg = Release|Any CPU
		{1767BD7C-66AF-4864-9B13-1910399B305A}.AppStore|Any CPU.ActiveCfg = Release|Any CPU
		{1767BD7C-66AF-4864-9B13-1910399B305A}.AppStore|Any CPU.Build.0 = Release|Any CPU
		{1767BD7C-66AF-4864-9B13-1910399B305A}.AppStore|ARM.ActiveCfg = Release|Any CPU
		{1767BD7C-66AF-4864-9B13-1910399B305A}.AppStore|iPhone.ActiveCfg = Release|Any CPU
		{1767BD7C-66AF-4864-9B13-1910399B305A}.AppStore|iPhoneSimulator.ActiveCfg = Release|Any CPU
		{1767BD7C-66AF-4864-9B13-1910399B305A}.AppStore|Mixed Platforms.ActiveCfg = Release|Any CPU
		{1767BD7C-66AF-4864-9B13-1910399B305A}.AppStore|Mixed Platforms.Build.0 = Release|Any CPU
		{1767BD7C-66AF-4864-9B13-1910399B305A}.AppStore|x64.ActiveCfg = Release|Any CPU
		{1767BD7C-66AF-4864-9B13-1910399B305A}.AppStore|x86.ActiveCfg = Release|Any CPU
		{1767BD7C-66AF-4864-9B13-1910399B305A}.CD_ROM|Any CPU.ActiveCfg = Release|Any CPU
		{1767BD7C-66AF-4864-9B13-1910399B305A}.CD_ROM|Any CPU.Build.0 = Release|Any CPU
		{1767BD7C-66AF-4864-9B13-1910399B305A}.CD_ROM|ARM.ActiveCfg = Release|Any CPU
		{1767BD7C-66AF-4864-9B13-1910399B305A}.CD_ROM|iPhone.ActiveCfg = Release|Any CPU
		{1767BD7C-66AF-4864-9B13-1910399B305A}.CD_ROM|iPhoneSimulator.ActiveCfg = Release|Any CPU
		{1767BD7C-66AF-4864-9B13-1910399B305A}.CD_ROM|Mixed Platforms.ActiveCfg = Release|Any CPU
		{1767BD7C-66AF-4864-9B13-1910399B305A}.CD_ROM|Mixed Platforms.Build.0 = Release|Any CPU
		{1767BD7C-66AF-4864-9B13-1910399B305A}.CD_ROM|x64.ActiveCfg = Release|Any CPU
		{1767BD7C-66AF-4864-9B13-1910399B305A}.CD_ROM|x86.ActiveCfg = Release|Any CPU
		{1767BD7C-66AF-4864-9B13-1910399B305A}.Debug|Any CPU.ActiveCfg = Debug|Any CPU
		{1767BD7C-66AF-4864-9B13-1910399B305A}.Debug|Any CPU.Build.0 = Debug|Any CPU
		{1767BD7C-66AF-4864-9B13-1910399B305A}.Debug|ARM.ActiveCfg = Debug|Any CPU
		{1767BD7C-66AF-4864-9B13-1910399B305A}.Debug|iPhone.ActiveCfg = Debug|Any CPU
		{1767BD7C-66AF-4864-9B13-1910399B305A}.Debug|iPhoneSimulator.ActiveCfg = Debug|Any CPU
		{1767BD7C-66AF-4864-9B13-1910399B305A}.Debug|Mixed Platforms.ActiveCfg = Debug|Any CPU
		{1767BD7C-66AF-4864-9B13-1910399B305A}.Debug|Mixed Platforms.Build.0 = Debug|Any CPU
		{1767BD7C-66AF-4864-9B13-1910399B305A}.Debug|x64.ActiveCfg = Debug|Any CPU
		{1767BD7C-66AF-4864-9B13-1910399B305A}.Debug|x86.ActiveCfg = Debug|Any CPU
		{1767BD7C-66AF-4864-9B13-1910399B305A}.DVD-5|Any CPU.ActiveCfg = Debug|Any CPU
		{1767BD7C-66AF-4864-9B13-1910399B305A}.DVD-5|Any CPU.Build.0 = Debug|Any CPU
		{1767BD7C-66AF-4864-9B13-1910399B305A}.DVD-5|ARM.ActiveCfg = Debug|Any CPU
		{1767BD7C-66AF-4864-9B13-1910399B305A}.DVD-5|iPhone.ActiveCfg = Debug|Any CPU
		{1767BD7C-66AF-4864-9B13-1910399B305A}.DVD-5|iPhoneSimulator.ActiveCfg = Debug|Any CPU
		{1767BD7C-66AF-4864-9B13-1910399B305A}.DVD-5|Mixed Platforms.ActiveCfg = Debug|Any CPU
		{1767BD7C-66AF-4864-9B13-1910399B305A}.DVD-5|Mixed Platforms.Build.0 = Debug|Any CPU
		{1767BD7C-66AF-4864-9B13-1910399B305A}.DVD-5|x64.ActiveCfg = Debug|Any CPU
		{1767BD7C-66AF-4864-9B13-1910399B305A}.DVD-5|x86.ActiveCfg = Debug|Any CPU
		{1767BD7C-66AF-4864-9B13-1910399B305A}.Release|Any CPU.ActiveCfg = Release|Any CPU
		{1767BD7C-66AF-4864-9B13-1910399B305A}.Release|Any CPU.Build.0 = Release|Any CPU
		{1767BD7C-66AF-4864-9B13-1910399B305A}.Release|ARM.ActiveCfg = Release|Any CPU
		{1767BD7C-66AF-4864-9B13-1910399B305A}.Release|iPhone.ActiveCfg = Release|Any CPU
		{1767BD7C-66AF-4864-9B13-1910399B305A}.Release|iPhoneSimulator.ActiveCfg = Release|Any CPU
		{1767BD7C-66AF-4864-9B13-1910399B305A}.Release|Mixed Platforms.ActiveCfg = Release|Any CPU
		{1767BD7C-66AF-4864-9B13-1910399B305A}.Release|Mixed Platforms.Build.0 = Release|Any CPU
		{1767BD7C-66AF-4864-9B13-1910399B305A}.Release|x64.ActiveCfg = Release|Any CPU
		{1767BD7C-66AF-4864-9B13-1910399B305A}.Release|x86.ActiveCfg = Release|Any CPU
		{1767BD7C-66AF-4864-9B13-1910399B305A}.SingleImage|Any CPU.ActiveCfg = Release|Any CPU
		{1767BD7C-66AF-4864-9B13-1910399B305A}.SingleImage|Any CPU.Build.0 = Release|Any CPU
		{1767BD7C-66AF-4864-9B13-1910399B305A}.SingleImage|ARM.ActiveCfg = Release|Any CPU
		{1767BD7C-66AF-4864-9B13-1910399B305A}.SingleImage|iPhone.ActiveCfg = Release|Any CPU
		{1767BD7C-66AF-4864-9B13-1910399B305A}.SingleImage|iPhoneSimulator.ActiveCfg = Release|Any CPU
		{1767BD7C-66AF-4864-9B13-1910399B305A}.SingleImage|Mixed Platforms.ActiveCfg = Release|Any CPU
		{1767BD7C-66AF-4864-9B13-1910399B305A}.SingleImage|Mixed Platforms.Build.0 = Release|Any CPU
		{1767BD7C-66AF-4864-9B13-1910399B305A}.SingleImage|x64.ActiveCfg = Release|Any CPU
		{1767BD7C-66AF-4864-9B13-1910399B305A}.SingleImage|x86.ActiveCfg = Release|Any CPU
		{6D288C80-9F3D-47A2-844B-DBEE058D2614}.Ad-Hoc|Any CPU.ActiveCfg = Release|Any CPU
		{6D288C80-9F3D-47A2-844B-DBEE058D2614}.Ad-Hoc|Any CPU.Build.0 = Release|Any CPU
		{6D288C80-9F3D-47A2-844B-DBEE058D2614}.Ad-Hoc|ARM.ActiveCfg = Release|Any CPU
		{6D288C80-9F3D-47A2-844B-DBEE058D2614}.Ad-Hoc|iPhone.ActiveCfg = Release|Any CPU
		{6D288C80-9F3D-47A2-844B-DBEE058D2614}.Ad-Hoc|iPhoneSimulator.ActiveCfg = Release|Any CPU
		{6D288C80-9F3D-47A2-844B-DBEE058D2614}.Ad-Hoc|Mixed Platforms.ActiveCfg = Release|Any CPU
		{6D288C80-9F3D-47A2-844B-DBEE058D2614}.Ad-Hoc|Mixed Platforms.Build.0 = Release|Any CPU
		{6D288C80-9F3D-47A2-844B-DBEE058D2614}.Ad-Hoc|x64.ActiveCfg = Release|Any CPU
		{6D288C80-9F3D-47A2-844B-DBEE058D2614}.Ad-Hoc|x86.ActiveCfg = Release|Any CPU
		{6D288C80-9F3D-47A2-844B-DBEE058D2614}.AppStore|Any CPU.ActiveCfg = Release|Any CPU
		{6D288C80-9F3D-47A2-844B-DBEE058D2614}.AppStore|Any CPU.Build.0 = Release|Any CPU
		{6D288C80-9F3D-47A2-844B-DBEE058D2614}.AppStore|ARM.ActiveCfg = Release|Any CPU
		{6D288C80-9F3D-47A2-844B-DBEE058D2614}.AppStore|iPhone.ActiveCfg = Release|Any CPU
		{6D288C80-9F3D-47A2-844B-DBEE058D2614}.AppStore|iPhoneSimulator.ActiveCfg = Release|Any CPU
		{6D288C80-9F3D-47A2-844B-DBEE058D2614}.AppStore|Mixed Platforms.ActiveCfg = Release|Any CPU
		{6D288C80-9F3D-47A2-844B-DBEE058D2614}.AppStore|Mixed Platforms.Build.0 = Release|Any CPU
		{6D288C80-9F3D-47A2-844B-DBEE058D2614}.AppStore|x64.ActiveCfg = Release|Any CPU
		{6D288C80-9F3D-47A2-844B-DBEE058D2614}.AppStore|x86.ActiveCfg = Release|Any CPU
		{6D288C80-9F3D-47A2-844B-DBEE058D2614}.CD_ROM|Any CPU.ActiveCfg = Release|Any CPU
		{6D288C80-9F3D-47A2-844B-DBEE058D2614}.CD_ROM|Any CPU.Build.0 = Release|Any CPU
		{6D288C80-9F3D-47A2-844B-DBEE058D2614}.CD_ROM|ARM.ActiveCfg = Release|Any CPU
		{6D288C80-9F3D-47A2-844B-DBEE058D2614}.CD_ROM|iPhone.ActiveCfg = Release|Any CPU
		{6D288C80-9F3D-47A2-844B-DBEE058D2614}.CD_ROM|iPhoneSimulator.ActiveCfg = Release|Any CPU
		{6D288C80-9F3D-47A2-844B-DBEE058D2614}.CD_ROM|Mixed Platforms.ActiveCfg = Release|Any CPU
		{6D288C80-9F3D-47A2-844B-DBEE058D2614}.CD_ROM|Mixed Platforms.Build.0 = Release|Any CPU
		{6D288C80-9F3D-47A2-844B-DBEE058D2614}.CD_ROM|x64.ActiveCfg = Release|Any CPU
		{6D288C80-9F3D-47A2-844B-DBEE058D2614}.CD_ROM|x86.ActiveCfg = Release|Any CPU
		{6D288C80-9F3D-47A2-844B-DBEE058D2614}.Debug|Any CPU.ActiveCfg = Debug|Any CPU
		{6D288C80-9F3D-47A2-844B-DBEE058D2614}.Debug|Any CPU.Build.0 = Debug|Any CPU
		{6D288C80-9F3D-47A2-844B-DBEE058D2614}.Debug|ARM.ActiveCfg = Debug|Any CPU
		{6D288C80-9F3D-47A2-844B-DBEE058D2614}.Debug|iPhone.ActiveCfg = Debug|Any CPU
		{6D288C80-9F3D-47A2-844B-DBEE058D2614}.Debug|iPhoneSimulator.ActiveCfg = Debug|Any CPU
		{6D288C80-9F3D-47A2-844B-DBEE058D2614}.Debug|Mixed Platforms.ActiveCfg = Debug|Any CPU
		{6D288C80-9F3D-47A2-844B-DBEE058D2614}.Debug|Mixed Platforms.Build.0 = Debug|Any CPU
		{6D288C80-9F3D-47A2-844B-DBEE058D2614}.Debug|x64.ActiveCfg = Debug|Any CPU
		{6D288C80-9F3D-47A2-844B-DBEE058D2614}.Debug|x86.ActiveCfg = Debug|Any CPU
		{6D288C80-9F3D-47A2-844B-DBEE058D2614}.DVD-5|Any CPU.ActiveCfg = Debug|Any CPU
		{6D288C80-9F3D-47A2-844B-DBEE058D2614}.DVD-5|Any CPU.Build.0 = Debug|Any CPU
		{6D288C80-9F3D-47A2-844B-DBEE058D2614}.DVD-5|ARM.ActiveCfg = Debug|Any CPU
		{6D288C80-9F3D-47A2-844B-DBEE058D2614}.DVD-5|iPhone.ActiveCfg = Debug|Any CPU
		{6D288C80-9F3D-47A2-844B-DBEE058D2614}.DVD-5|iPhoneSimulator.ActiveCfg = Debug|Any CPU
		{6D288C80-9F3D-47A2-844B-DBEE058D2614}.DVD-5|Mixed Platforms.ActiveCfg = Debug|Any CPU
		{6D288C80-9F3D-47A2-844B-DBEE058D2614}.DVD-5|Mixed Platforms.Build.0 = Debug|Any CPU
		{6D288C80-9F3D-47A2-844B-DBEE058D2614}.DVD-5|x64.ActiveCfg = Debug|Any CPU
		{6D288C80-9F3D-47A2-844B-DBEE058D2614}.DVD-5|x86.ActiveCfg = Debug|Any CPU
		{6D288C80-9F3D-47A2-844B-DBEE058D2614}.Release|Any CPU.ActiveCfg = Release|Any CPU
		{6D288C80-9F3D-47A2-844B-DBEE058D2614}.Release|Any CPU.Build.0 = Release|Any CPU
		{6D288C80-9F3D-47A2-844B-DBEE058D2614}.Release|ARM.ActiveCfg = Release|Any CPU
		{6D288C80-9F3D-47A2-844B-DBEE058D2614}.Release|iPhone.ActiveCfg = Release|Any CPU
		{6D288C80-9F3D-47A2-844B-DBEE058D2614}.Release|iPhoneSimulator.ActiveCfg = Release|Any CPU
		{6D288C80-9F3D-47A2-844B-DBEE058D2614}.Release|Mixed Platforms.ActiveCfg = Release|Any CPU
		{6D288C80-9F3D-47A2-844B-DBEE058D2614}.Release|Mixed Platforms.Build.0 = Release|Any CPU
		{6D288C80-9F3D-47A2-844B-DBEE058D2614}.Release|x64.ActiveCfg = Release|Any CPU
		{6D288C80-9F3D-47A2-844B-DBEE058D2614}.Release|x86.ActiveCfg = Release|Any CPU
		{6D288C80-9F3D-47A2-844B-DBEE058D2614}.SingleImage|Any CPU.ActiveCfg = Release|Any CPU
		{6D288C80-9F3D-47A2-844B-DBEE058D2614}.SingleImage|Any CPU.Build.0 = Release|Any CPU
		{6D288C80-9F3D-47A2-844B-DBEE058D2614}.SingleImage|ARM.ActiveCfg = Release|Any CPU
		{6D288C80-9F3D-47A2-844B-DBEE058D2614}.SingleImage|iPhone.ActiveCfg = Release|Any CPU
		{6D288C80-9F3D-47A2-844B-DBEE058D2614}.SingleImage|iPhoneSimulator.ActiveCfg = Release|Any CPU
		{6D288C80-9F3D-47A2-844B-DBEE058D2614}.SingleImage|Mixed Platforms.ActiveCfg = Release|Any CPU
		{6D288C80-9F3D-47A2-844B-DBEE058D2614}.SingleImage|Mixed Platforms.Build.0 = Release|Any CPU
		{6D288C80-9F3D-47A2-844B-DBEE058D2614}.SingleImage|x64.ActiveCfg = Release|Any CPU
		{6D288C80-9F3D-47A2-844B-DBEE058D2614}.SingleImage|x86.ActiveCfg = Release|Any CPU
		{8788B9F4-D0B8-406B-B0BC-DBB581B453CC}.Ad-Hoc|Any CPU.ActiveCfg = Release|Any CPU
		{8788B9F4-D0B8-406B-B0BC-DBB581B453CC}.Ad-Hoc|Any CPU.Build.0 = Release|Any CPU
		{8788B9F4-D0B8-406B-B0BC-DBB581B453CC}.Ad-Hoc|ARM.ActiveCfg = Release|Any CPU
		{8788B9F4-D0B8-406B-B0BC-DBB581B453CC}.Ad-Hoc|iPhone.ActiveCfg = Release|Any CPU
		{8788B9F4-D0B8-406B-B0BC-DBB581B453CC}.Ad-Hoc|iPhoneSimulator.ActiveCfg = Release|Any CPU
		{8788B9F4-D0B8-406B-B0BC-DBB581B453CC}.Ad-Hoc|Mixed Platforms.ActiveCfg = Release|Any CPU
		{8788B9F4-D0B8-406B-B0BC-DBB581B453CC}.Ad-Hoc|Mixed Platforms.Build.0 = Release|Any CPU
		{8788B9F4-D0B8-406B-B0BC-DBB581B453CC}.Ad-Hoc|x64.ActiveCfg = Release|Any CPU
		{8788B9F4-D0B8-406B-B0BC-DBB581B453CC}.Ad-Hoc|x86.ActiveCfg = Release|Any CPU
		{8788B9F4-D0B8-406B-B0BC-DBB581B453CC}.AppStore|Any CPU.ActiveCfg = Release|Any CPU
		{8788B9F4-D0B8-406B-B0BC-DBB581B453CC}.AppStore|Any CPU.Build.0 = Release|Any CPU
		{8788B9F4-D0B8-406B-B0BC-DBB581B453CC}.AppStore|ARM.ActiveCfg = Release|Any CPU
		{8788B9F4-D0B8-406B-B0BC-DBB581B453CC}.AppStore|iPhone.ActiveCfg = Release|Any CPU
		{8788B9F4-D0B8-406B-B0BC-DBB581B453CC}.AppStore|iPhoneSimulator.ActiveCfg = Release|Any CPU
		{8788B9F4-D0B8-406B-B0BC-DBB581B453CC}.AppStore|Mixed Platforms.ActiveCfg = Release|Any CPU
		{8788B9F4-D0B8-406B-B0BC-DBB581B453CC}.AppStore|Mixed Platforms.Build.0 = Release|Any CPU
		{8788B9F4-D0B8-406B-B0BC-DBB581B453CC}.AppStore|x64.ActiveCfg = Release|Any CPU
		{8788B9F4-D0B8-406B-B0BC-DBB581B453CC}.AppStore|x86.ActiveCfg = Release|Any CPU
		{8788B9F4-D0B8-406B-B0BC-DBB581B453CC}.CD_ROM|Any CPU.ActiveCfg = Release|Any CPU
		{8788B9F4-D0B8-406B-B0BC-DBB581B453CC}.CD_ROM|Any CPU.Build.0 = Release|Any CPU
		{8788B9F4-D0B8-406B-B0BC-DBB581B453CC}.CD_ROM|ARM.ActiveCfg = Release|Any CPU
		{8788B9F4-D0B8-406B-B0BC-DBB581B453CC}.CD_ROM|iPhone.ActiveCfg = Release|Any CPU
		{8788B9F4-D0B8-406B-B0BC-DBB581B453CC}.CD_ROM|iPhoneSimulator.ActiveCfg = Release|Any CPU
		{8788B9F4-D0B8-406B-B0BC-DBB581B453CC}.CD_ROM|Mixed Platforms.ActiveCfg = Release|Any CPU
		{8788B9F4-D0B8-406B-B0BC-DBB581B453CC}.CD_ROM|Mixed Platforms.Build.0 = Release|Any CPU
		{8788B9F4-D0B8-406B-B0BC-DBB581B453CC}.CD_ROM|x64.ActiveCfg = Release|Any CPU
		{8788B9F4-D0B8-406B-B0BC-DBB581B453CC}.CD_ROM|x86.ActiveCfg = Release|Any CPU
		{8788B9F4-D0B8-406B-B0BC-DBB581B453CC}.Debug|Any CPU.ActiveCfg = Debug|Any CPU
		{8788B9F4-D0B8-406B-B0BC-DBB581B453CC}.Debug|Any CPU.Build.0 = Debug|Any CPU
		{8788B9F4-D0B8-406B-B0BC-DBB581B453CC}.Debug|ARM.ActiveCfg = Debug|Any CPU
		{8788B9F4-D0B8-406B-B0BC-DBB581B453CC}.Debug|iPhone.ActiveCfg = Debug|Any CPU
		{8788B9F4-D0B8-406B-B0BC-DBB581B453CC}.Debug|iPhoneSimulator.ActiveCfg = Debug|Any CPU
		{8788B9F4-D0B8-406B-B0BC-DBB581B453CC}.Debug|Mixed Platforms.ActiveCfg = Debug|Any CPU
		{8788B9F4-D0B8-406B-B0BC-DBB581B453CC}.Debug|Mixed Platforms.Build.0 = Debug|Any CPU
		{8788B9F4-D0B8-406B-B0BC-DBB581B453CC}.Debug|x64.ActiveCfg = Debug|Any CPU
		{8788B9F4-D0B8-406B-B0BC-DBB581B453CC}.Debug|x86.ActiveCfg = Debug|Any CPU
		{8788B9F4-D0B8-406B-B0BC-DBB581B453CC}.DVD-5|Any CPU.ActiveCfg = Debug|Any CPU
		{8788B9F4-D0B8-406B-B0BC-DBB581B453CC}.DVD-5|Any CPU.Build.0 = Debug|Any CPU
		{8788B9F4-D0B8-406B-B0BC-DBB581B453CC}.DVD-5|ARM.ActiveCfg = Debug|Any CPU
		{8788B9F4-D0B8-406B-B0BC-DBB581B453CC}.DVD-5|iPhone.ActiveCfg = Debug|Any CPU
		{8788B9F4-D0B8-406B-B0BC-DBB581B453CC}.DVD-5|iPhoneSimulator.ActiveCfg = Debug|Any CPU
		{8788B9F4-D0B8-406B-B0BC-DBB581B453CC}.DVD-5|Mixed Platforms.ActiveCfg = Debug|Any CPU
		{8788B9F4-D0B8-406B-B0BC-DBB581B453CC}.DVD-5|Mixed Platforms.Build.0 = Debug|Any CPU
		{8788B9F4-D0B8-406B-B0BC-DBB581B453CC}.DVD-5|x64.ActiveCfg = Debug|Any CPU
		{8788B9F4-D0B8-406B-B0BC-DBB581B453CC}.DVD-5|x86.ActiveCfg = Debug|Any CPU
		{8788B9F4-D0B8-406B-B0BC-DBB581B453CC}.Release|Any CPU.ActiveCfg = Release|Any CPU
		{8788B9F4-D0B8-406B-B0BC-DBB581B453CC}.Release|Any CPU.Build.0 = Release|Any CPU
		{8788B9F4-D0B8-406B-B0BC-DBB581B453CC}.Release|ARM.ActiveCfg = Release|Any CPU
		{8788B9F4-D0B8-406B-B0BC-DBB581B453CC}.Release|iPhone.ActiveCfg = Release|Any CPU
		{8788B9F4-D0B8-406B-B0BC-DBB581B453CC}.Release|iPhoneSimulator.ActiveCfg = Release|Any CPU
		{8788B9F4-D0B8-406B-B0BC-DBB581B453CC}.Release|Mixed Platforms.ActiveCfg = Release|Any CPU
		{8788B9F4-D0B8-406B-B0BC-DBB581B453CC}.Release|Mixed Platforms.Build.0 = Release|Any CPU
		{8788B9F4-D0B8-406B-B0BC-DBB581B453CC}.Release|x64.ActiveCfg = Release|Any CPU
		{8788B9F4-D0B8-406B-B0BC-DBB581B453CC}.Release|x86.ActiveCfg = Release|Any CPU
		{8788B9F4-D0B8-406B-B0BC-DBB581B453CC}.SingleImage|Any CPU.ActiveCfg = Release|Any CPU
		{8788B9F4-D0B8-406B-B0BC-DBB581B453CC}.SingleImage|Any CPU.Build.0 = Release|Any CPU
		{8788B9F4-D0B8-406B-B0BC-DBB581B453CC}.SingleImage|ARM.ActiveCfg = Release|Any CPU
		{8788B9F4-D0B8-406B-B0BC-DBB581B453CC}.SingleImage|iPhone.ActiveCfg = Release|Any CPU
		{8788B9F4-D0B8-406B-B0BC-DBB581B453CC}.SingleImage|iPhoneSimulator.ActiveCfg = Release|Any CPU
		{8788B9F4-D0B8-406B-B0BC-DBB581B453CC}.SingleImage|Mixed Platforms.ActiveCfg = Release|Any CPU
		{8788B9F4-D0B8-406B-B0BC-DBB581B453CC}.SingleImage|Mixed Platforms.Build.0 = Release|Any CPU
		{8788B9F4-D0B8-406B-B0BC-DBB581B453CC}.SingleImage|x64.ActiveCfg = Release|Any CPU
		{8788B9F4-D0B8-406B-B0BC-DBB581B453CC}.SingleImage|x86.ActiveCfg = Release|Any CPU
		{5A464EDD-AEFE-4864-816A-A0E3E6C88B4C}.Ad-Hoc|Any CPU.ActiveCfg = Release|Any CPU
		{5A464EDD-AEFE-4864-816A-A0E3E6C88B4C}.Ad-Hoc|Any CPU.Build.0 = Release|Any CPU
		{5A464EDD-AEFE-4864-816A-A0E3E6C88B4C}.Ad-Hoc|ARM.ActiveCfg = Release|Any CPU
		{5A464EDD-AEFE-4864-816A-A0E3E6C88B4C}.Ad-Hoc|iPhone.ActiveCfg = Release|Any CPU
		{5A464EDD-AEFE-4864-816A-A0E3E6C88B4C}.Ad-Hoc|iPhoneSimulator.ActiveCfg = Release|Any CPU
		{5A464EDD-AEFE-4864-816A-A0E3E6C88B4C}.Ad-Hoc|Mixed Platforms.ActiveCfg = Release|Any CPU
		{5A464EDD-AEFE-4864-816A-A0E3E6C88B4C}.Ad-Hoc|Mixed Platforms.Build.0 = Release|Any CPU
		{5A464EDD-AEFE-4864-816A-A0E3E6C88B4C}.Ad-Hoc|x64.ActiveCfg = Release|Any CPU
		{5A464EDD-AEFE-4864-816A-A0E3E6C88B4C}.Ad-Hoc|x86.ActiveCfg = Release|Any CPU
		{5A464EDD-AEFE-4864-816A-A0E3E6C88B4C}.AppStore|Any CPU.ActiveCfg = Release|Any CPU
		{5A464EDD-AEFE-4864-816A-A0E3E6C88B4C}.AppStore|Any CPU.Build.0 = Release|Any CPU
		{5A464EDD-AEFE-4864-816A-A0E3E6C88B4C}.AppStore|ARM.ActiveCfg = Release|Any CPU
		{5A464EDD-AEFE-4864-816A-A0E3E6C88B4C}.AppStore|iPhone.ActiveCfg = Release|Any CPU
		{5A464EDD-AEFE-4864-816A-A0E3E6C88B4C}.AppStore|iPhoneSimulator.ActiveCfg = Release|Any CPU
		{5A464EDD-AEFE-4864-816A-A0E3E6C88B4C}.AppStore|Mixed Platforms.ActiveCfg = Release|Any CPU
		{5A464EDD-AEFE-4864-816A-A0E3E6C88B4C}.AppStore|Mixed Platforms.Build.0 = Release|Any CPU
		{5A464EDD-AEFE-4864-816A-A0E3E6C88B4C}.AppStore|x64.ActiveCfg = Release|Any CPU
		{5A464EDD-AEFE-4864-816A-A0E3E6C88B4C}.AppStore|x86.ActiveCfg = Release|Any CPU
		{5A464EDD-AEFE-4864-816A-A0E3E6C88B4C}.CD_ROM|Any CPU.ActiveCfg = Release|Any CPU
		{5A464EDD-AEFE-4864-816A-A0E3E6C88B4C}.CD_ROM|Any CPU.Build.0 = Release|Any CPU
		{5A464EDD-AEFE-4864-816A-A0E3E6C88B4C}.CD_ROM|ARM.ActiveCfg = Release|Any CPU
		{5A464EDD-AEFE-4864-816A-A0E3E6C88B4C}.CD_ROM|iPhone.ActiveCfg = Release|Any CPU
		{5A464EDD-AEFE-4864-816A-A0E3E6C88B4C}.CD_ROM|iPhoneSimulator.ActiveCfg = Release|Any CPU
		{5A464EDD-AEFE-4864-816A-A0E3E6C88B4C}.CD_ROM|Mixed Platforms.ActiveCfg = Release|Any CPU
		{5A464EDD-AEFE-4864-816A-A0E3E6C88B4C}.CD_ROM|Mixed Platforms.Build.0 = Release|Any CPU
		{5A464EDD-AEFE-4864-816A-A0E3E6C88B4C}.CD_ROM|x64.ActiveCfg = Release|Any CPU
		{5A464EDD-AEFE-4864-816A-A0E3E6C88B4C}.CD_ROM|x86.ActiveCfg = Release|Any CPU
		{5A464EDD-AEFE-4864-816A-A0E3E6C88B4C}.Debug|Any CPU.ActiveCfg = Debug|Any CPU
		{5A464EDD-AEFE-4864-816A-A0E3E6C88B4C}.Debug|Any CPU.Build.0 = Debug|Any CPU
		{5A464EDD-AEFE-4864-816A-A0E3E6C88B4C}.Debug|ARM.ActiveCfg = Debug|Any CPU
		{5A464EDD-AEFE-4864-816A-A0E3E6C88B4C}.Debug|iPhone.ActiveCfg = Debug|Any CPU
		{5A464EDD-AEFE-4864-816A-A0E3E6C88B4C}.Debug|iPhoneSimulator.ActiveCfg = Debug|Any CPU
		{5A464EDD-AEFE-4864-816A-A0E3E6C88B4C}.Debug|Mixed Platforms.ActiveCfg = Debug|Any CPU
		{5A464EDD-AEFE-4864-816A-A0E3E6C88B4C}.Debug|Mixed Platforms.Build.0 = Debug|Any CPU
		{5A464EDD-AEFE-4864-816A-A0E3E6C88B4C}.Debug|x64.ActiveCfg = Debug|Any CPU
		{5A464EDD-AEFE-4864-816A-A0E3E6C88B4C}.Debug|x86.ActiveCfg = Debug|Any CPU
		{5A464EDD-AEFE-4864-816A-A0E3E6C88B4C}.DVD-5|Any CPU.ActiveCfg = Debug|Any CPU
		{5A464EDD-AEFE-4864-816A-A0E3E6C88B4C}.DVD-5|Any CPU.Build.0 = Debug|Any CPU
		{5A464EDD-AEFE-4864-816A-A0E3E6C88B4C}.DVD-5|ARM.ActiveCfg = Debug|Any CPU
		{5A464EDD-AEFE-4864-816A-A0E3E6C88B4C}.DVD-5|iPhone.ActiveCfg = Debug|Any CPU
		{5A464EDD-AEFE-4864-816A-A0E3E6C88B4C}.DVD-5|iPhoneSimulator.ActiveCfg = Debug|Any CPU
		{5A464EDD-AEFE-4864-816A-A0E3E6C88B4C}.DVD-5|Mixed Platforms.ActiveCfg = Debug|Any CPU
		{5A464EDD-AEFE-4864-816A-A0E3E6C88B4C}.DVD-5|Mixed Platforms.Build.0 = Debug|Any CPU
		{5A464EDD-AEFE-4864-816A-A0E3E6C88B4C}.DVD-5|x64.ActiveCfg = Debug|Any CPU
		{5A464EDD-AEFE-4864-816A-A0E3E6C88B4C}.DVD-5|x86.ActiveCfg = Debug|Any CPU
		{5A464EDD-AEFE-4864-816A-A0E3E6C88B4C}.Release|Any CPU.ActiveCfg = Release|Any CPU
		{5A464EDD-AEFE-4864-816A-A0E3E6C88B4C}.Release|Any CPU.Build.0 = Release|Any CPU
		{5A464EDD-AEFE-4864-816A-A0E3E6C88B4C}.Release|ARM.ActiveCfg = Release|Any CPU
		{5A464EDD-AEFE-4864-816A-A0E3E6C88B4C}.Release|iPhone.ActiveCfg = Release|Any CPU
		{5A464EDD-AEFE-4864-816A-A0E3E6C88B4C}.Release|iPhoneSimulator.ActiveCfg = Release|Any CPU
		{5A464EDD-AEFE-4864-816A-A0E3E6C88B4C}.Release|Mixed Platforms.ActiveCfg = Release|Any CPU
		{5A464EDD-AEFE-4864-816A-A0E3E6C88B4C}.Release|Mixed Platforms.Build.0 = Release|Any CPU
		{5A464EDD-AEFE-4864-816A-A0E3E6C88B4C}.Release|x64.ActiveCfg = Release|Any CPU
		{5A464EDD-AEFE-4864-816A-A0E3E6C88B4C}.Release|x86.ActiveCfg = Release|Any CPU
		{5A464EDD-AEFE-4864-816A-A0E3E6C88B4C}.SingleImage|Any CPU.ActiveCfg = Release|Any CPU
		{5A464EDD-AEFE-4864-816A-A0E3E6C88B4C}.SingleImage|Any CPU.Build.0 = Release|Any CPU
		{5A464EDD-AEFE-4864-816A-A0E3E6C88B4C}.SingleImage|ARM.ActiveCfg = Release|Any CPU
		{5A464EDD-AEFE-4864-816A-A0E3E6C88B4C}.SingleImage|iPhone.ActiveCfg = Release|Any CPU
		{5A464EDD-AEFE-4864-816A-A0E3E6C88B4C}.SingleImage|iPhoneSimulator.ActiveCfg = Release|Any CPU
		{5A464EDD-AEFE-4864-816A-A0E3E6C88B4C}.SingleImage|Mixed Platforms.ActiveCfg = Release|Any CPU
		{5A464EDD-AEFE-4864-816A-A0E3E6C88B4C}.SingleImage|Mixed Platforms.Build.0 = Release|Any CPU
		{5A464EDD-AEFE-4864-816A-A0E3E6C88B4C}.SingleImage|x64.ActiveCfg = Release|Any CPU
		{5A464EDD-AEFE-4864-816A-A0E3E6C88B4C}.SingleImage|x86.ActiveCfg = Release|Any CPU
		{68179A9A-9E34-4B94-9240-84E9DF04C809}.Ad-Hoc|Any CPU.ActiveCfg = Release|Any CPU
		{68179A9A-9E34-4B94-9240-84E9DF04C809}.Ad-Hoc|Any CPU.Build.0 = Release|Any CPU
		{68179A9A-9E34-4B94-9240-84E9DF04C809}.Ad-Hoc|ARM.ActiveCfg = Release|Any CPU
		{68179A9A-9E34-4B94-9240-84E9DF04C809}.Ad-Hoc|iPhone.ActiveCfg = Release|Any CPU
		{68179A9A-9E34-4B94-9240-84E9DF04C809}.Ad-Hoc|iPhoneSimulator.ActiveCfg = Release|Any CPU
		{68179A9A-9E34-4B94-9240-84E9DF04C809}.Ad-Hoc|Mixed Platforms.ActiveCfg = Release|Any CPU
		{68179A9A-9E34-4B94-9240-84E9DF04C809}.Ad-Hoc|Mixed Platforms.Build.0 = Release|Any CPU
		{68179A9A-9E34-4B94-9240-84E9DF04C809}.Ad-Hoc|x64.ActiveCfg = Release|Any CPU
		{68179A9A-9E34-4B94-9240-84E9DF04C809}.Ad-Hoc|x86.ActiveCfg = Release|Any CPU
		{68179A9A-9E34-4B94-9240-84E9DF04C809}.AppStore|Any CPU.ActiveCfg = Release|Any CPU
		{68179A9A-9E34-4B94-9240-84E9DF04C809}.AppStore|Any CPU.Build.0 = Release|Any CPU
		{68179A9A-9E34-4B94-9240-84E9DF04C809}.AppStore|ARM.ActiveCfg = Release|Any CPU
		{68179A9A-9E34-4B94-9240-84E9DF04C809}.AppStore|iPhone.ActiveCfg = Release|Any CPU
		{68179A9A-9E34-4B94-9240-84E9DF04C809}.AppStore|iPhoneSimulator.ActiveCfg = Release|Any CPU
		{68179A9A-9E34-4B94-9240-84E9DF04C809}.AppStore|Mixed Platforms.ActiveCfg = Release|Any CPU
		{68179A9A-9E34-4B94-9240-84E9DF04C809}.AppStore|Mixed Platforms.Build.0 = Release|Any CPU
		{68179A9A-9E34-4B94-9240-84E9DF04C809}.AppStore|x64.ActiveCfg = Release|Any CPU
		{68179A9A-9E34-4B94-9240-84E9DF04C809}.AppStore|x86.ActiveCfg = Release|Any CPU
		{68179A9A-9E34-4B94-9240-84E9DF04C809}.CD_ROM|Any CPU.ActiveCfg = Release|Any CPU
		{68179A9A-9E34-4B94-9240-84E9DF04C809}.CD_ROM|Any CPU.Build.0 = Release|Any CPU
		{68179A9A-9E34-4B94-9240-84E9DF04C809}.CD_ROM|ARM.ActiveCfg = Release|Any CPU
		{68179A9A-9E34-4B94-9240-84E9DF04C809}.CD_ROM|iPhone.ActiveCfg = Release|Any CPU
		{68179A9A-9E34-4B94-9240-84E9DF04C809}.CD_ROM|iPhoneSimulator.ActiveCfg = Release|Any CPU
		{68179A9A-9E34-4B94-9240-84E9DF04C809}.CD_ROM|Mixed Platforms.ActiveCfg = Release|Any CPU
		{68179A9A-9E34-4B94-9240-84E9DF04C809}.CD_ROM|Mixed Platforms.Build.0 = Release|Any CPU
		{68179A9A-9E34-4B94-9240-84E9DF04C809}.CD_ROM|x64.ActiveCfg = Release|Any CPU
		{68179A9A-9E34-4B94-9240-84E9DF04C809}.CD_ROM|x86.ActiveCfg = Release|Any CPU
		{68179A9A-9E34-4B94-9240-84E9DF04C809}.Debug|Any CPU.ActiveCfg = Debug|Any CPU
		{68179A9A-9E34-4B94-9240-84E9DF04C809}.Debug|Any CPU.Build.0 = Debug|Any CPU
		{68179A9A-9E34-4B94-9240-84E9DF04C809}.Debug|ARM.ActiveCfg = Debug|Any CPU
		{68179A9A-9E34-4B94-9240-84E9DF04C809}.Debug|iPhone.ActiveCfg = Debug|Any CPU
		{68179A9A-9E34-4B94-9240-84E9DF04C809}.Debug|iPhoneSimulator.ActiveCfg = Debug|Any CPU
		{68179A9A-9E34-4B94-9240-84E9DF04C809}.Debug|Mixed Platforms.ActiveCfg = Debug|Any CPU
		{68179A9A-9E34-4B94-9240-84E9DF04C809}.Debug|Mixed Platforms.Build.0 = Debug|Any CPU
		{68179A9A-9E34-4B94-9240-84E9DF04C809}.Debug|x64.ActiveCfg = Debug|Any CPU
		{68179A9A-9E34-4B94-9240-84E9DF04C809}.Debug|x86.ActiveCfg = Debug|Any CPU
		{68179A9A-9E34-4B94-9240-84E9DF04C809}.DVD-5|Any CPU.ActiveCfg = Debug|Any CPU
		{68179A9A-9E34-4B94-9240-84E9DF04C809}.DVD-5|Any CPU.Build.0 = Debug|Any CPU
		{68179A9A-9E34-4B94-9240-84E9DF04C809}.DVD-5|ARM.ActiveCfg = Debug|Any CPU
		{68179A9A-9E34-4B94-9240-84E9DF04C809}.DVD-5|iPhone.ActiveCfg = Debug|Any CPU
		{68179A9A-9E34-4B94-9240-84E9DF04C809}.DVD-5|iPhoneSimulator.ActiveCfg = Debug|Any CPU
		{68179A9A-9E34-4B94-9240-84E9DF04C809}.DVD-5|Mixed Platforms.ActiveCfg = Debug|Any CPU
		{68179A9A-9E34-4B94-9240-84E9DF04C809}.DVD-5|Mixed Platforms.Build.0 = Debug|Any CPU
		{68179A9A-9E34-4B94-9240-84E9DF04C809}.DVD-5|x64.ActiveCfg = Debug|Any CPU
		{68179A9A-9E34-4B94-9240-84E9DF04C809}.DVD-5|x86.ActiveCfg = Debug|Any CPU
		{68179A9A-9E34-4B94-9240-84E9DF04C809}.Release|Any CPU.ActiveCfg = Release|Any CPU
		{68179A9A-9E34-4B94-9240-84E9DF04C809}.Release|Any CPU.Build.0 = Release|Any CPU
		{68179A9A-9E34-4B94-9240-84E9DF04C809}.Release|ARM.ActiveCfg = Release|Any CPU
		{68179A9A-9E34-4B94-9240-84E9DF04C809}.Release|iPhone.ActiveCfg = Release|Any CPU
		{68179A9A-9E34-4B94-9240-84E9DF04C809}.Release|iPhoneSimulator.ActiveCfg = Release|Any CPU
		{68179A9A-9E34-4B94-9240-84E9DF04C809}.Release|Mixed Platforms.ActiveCfg = Release|Any CPU
		{68179A9A-9E34-4B94-9240-84E9DF04C809}.Release|Mixed Platforms.Build.0 = Release|Any CPU
		{68179A9A-9E34-4B94-9240-84E9DF04C809}.Release|x64.ActiveCfg = Release|Any CPU
		{68179A9A-9E34-4B94-9240-84E9DF04C809}.Release|x86.ActiveCfg = Release|Any CPU
		{68179A9A-9E34-4B94-9240-84E9DF04C809}.SingleImage|Any CPU.ActiveCfg = Release|Any CPU
		{68179A9A-9E34-4B94-9240-84E9DF04C809}.SingleImage|Any CPU.Build.0 = Release|Any CPU
		{68179A9A-9E34-4B94-9240-84E9DF04C809}.SingleImage|ARM.ActiveCfg = Release|Any CPU
		{68179A9A-9E34-4B94-9240-84E9DF04C809}.SingleImage|iPhone.ActiveCfg = Release|Any CPU
		{68179A9A-9E34-4B94-9240-84E9DF04C809}.SingleImage|iPhoneSimulator.ActiveCfg = Release|Any CPU
		{68179A9A-9E34-4B94-9240-84E9DF04C809}.SingleImage|Mixed Platforms.ActiveCfg = Release|Any CPU
		{68179A9A-9E34-4B94-9240-84E9DF04C809}.SingleImage|Mixed Platforms.Build.0 = Release|Any CPU
		{68179A9A-9E34-4B94-9240-84E9DF04C809}.SingleImage|x64.ActiveCfg = Release|Any CPU
		{68179A9A-9E34-4B94-9240-84E9DF04C809}.SingleImage|x86.ActiveCfg = Release|Any CPU
	EndGlobalSection
	GlobalSection(SolutionProperties) = preSolution
		HideSolutionNode = FALSE
	EndGlobalSection
	GlobalSection(NestedProjects) = preSolution
		{090C89C7-94C7-4F18-A81A-FB35605C9EAA} = {D8877B22-87DF-4D49-917C-AEB6EC4CDBEA}
		{AB0A8FF3-1853-4ED8-9AEF-D1B355C9C249} = {090C89C7-94C7-4F18-A81A-FB35605C9EAA}
		{00EB0871-7621-4000-8CA1-0EB308F81E82} = {6487A2BF-47FE-41C6-9B7F-D33363630C95}
		{91FC43D9-2BAF-43F8-A49E-DF84E5315198} = {6487A2BF-47FE-41C6-9B7F-D33363630C95}
		{4157C2D6-6BC2-4514-B7E8-395BA9FA129F} = {6487A2BF-47FE-41C6-9B7F-D33363630C95}
		{1D2AE2A2-8597-4623-B009-4E6102284253} = {00EB0871-7621-4000-8CA1-0EB308F81E82}
		{665D21F7-A1BF-4BCF-AFC8-6712E26D265E} = {1D2AE2A2-8597-4623-B009-4E6102284253}
		{C16D0C56-5073-4B2C-9B13-E84778BAAE6F} = {1D2AE2A2-8597-4623-B009-4E6102284253}
		{97C98269-E8F7-4213-B0CC-B330CE1CFB89} = {00EB0871-7621-4000-8CA1-0EB308F81E82}
		{57FFB3AE-5AD9-48E8-AD82-24FCC50E54A8} = {00EB0871-7621-4000-8CA1-0EB308F81E82}
		{8563A085-1568-48E7-BEC5-2795536EAEC0} = {00EB0871-7621-4000-8CA1-0EB308F81E82}
		{FCE95796-5609-498F-8A7D-0FA014692ABD} = {00EB0871-7621-4000-8CA1-0EB308F81E82}
		{5FF965F5-55BF-4E79-8923-3E9B7C198973} = {00EB0871-7621-4000-8CA1-0EB308F81E82}
		{254384AB-B399-44B0-8DD1-A1C8BA5582DD} = {97C98269-E8F7-4213-B0CC-B330CE1CFB89}
		{3E3B2A5E-C151-4772-9E37-2389BACF585C} = {8563A085-1568-48E7-BEC5-2795536EAEC0}
		{D41E581F-7FC1-41B0-8491-6CFDE8E74C5A} = {5FF965F5-55BF-4E79-8923-3E9B7C198973}
		{19781428-8C5F-4FE8-A5F8-82020FEC95CA} = {91FC43D9-2BAF-43F8-A49E-DF84E5315198}
		{920E2653-3B4C-4D18-B314-4D6205625ED2} = {91FC43D9-2BAF-43F8-A49E-DF84E5315198}
		{EAE2971C-34A5-41C3-86BF-758D28D0EC2B} = {91FC43D9-2BAF-43F8-A49E-DF84E5315198}
		{5F999CCF-5F43-43E0-95C2-257567B55463} = {91FC43D9-2BAF-43F8-A49E-DF84E5315198}
		{1DAA6314-BAD5-47F8-ADA6-186C63F0EDAB} = {4157C2D6-6BC2-4514-B7E8-395BA9FA129F}
		{019DD289-282D-47EB-88BA-B37C595C4262} = {4157C2D6-6BC2-4514-B7E8-395BA9FA129F}
		{E67C8D00-5BA9-4160-99EB-13039CE7D639} = {4157C2D6-6BC2-4514-B7E8-395BA9FA129F}
		{36E56479-B1AE-4459-B99E-524C15319D38} = {6487A2BF-47FE-41C6-9B7F-D33363630C95}
		{2AE0C02E-B13A-466D-9BC4-BA8D003724CE} = {36E56479-B1AE-4459-B99E-524C15319D38}
		{F70595F7-5472-4EAE-A57B-550ED68B1827} = {00EB0871-7621-4000-8CA1-0EB308F81E82}
		{1CCD6769-28C7-4DFC-AC51-6F9EF1CDE027} = {F70595F7-5472-4EAE-A57B-550ED68B1827}
		{86848CC5-6D2D-4730-A25A-B68332A06460} = {91FC43D9-2BAF-43F8-A49E-DF84E5315198}
		{6FCD48A4-5E35-4382-96B2-2FC5E439D43C} = {6487A2BF-47FE-41C6-9B7F-D33363630C95}
		{FFB3674A-D02F-4CD3-8F2A-3F34A33FFF27} = {19781428-8C5F-4FE8-A5F8-82020FEC95CA}
		{CF5A9719-BF39-45A3-9921-8B4C820FB548} = {6FCD48A4-5E35-4382-96B2-2FC5E439D43C}
		{431D8C39-D17C-4DA6-A1E6-5C5E4E6A0327} = {6FCD48A4-5E35-4382-96B2-2FC5E439D43C}
		{26B56DF6-FAD8-46AA-A963-F37271E3DF3C} = {431D8C39-D17C-4DA6-A1E6-5C5E4E6A0327}
		{1E7C934A-35B9-4CB3-8009-77BBD9EAB32C} = {6FCD48A4-5E35-4382-96B2-2FC5E439D43C}
		{5BA19C42-DCEA-4CD7-B3AB-F96281D29627} = {1E7C934A-35B9-4CB3-8009-77BBD9EAB32C}
		{FD8DD122-AE73-4DD1-A485-2FC02D239287} = {6FCD48A4-5E35-4382-96B2-2FC5E439D43C}
		{BBBC1784-4C53-48BE-9174-242870C0D954} = {FD8DD122-AE73-4DD1-A485-2FC02D239287}
		{A8736A28-5B28-41DE-B8E5-7906CB2FDC9D} = {91FC43D9-2BAF-43F8-A49E-DF84E5315198}
		{1C8F650B-7674-41B0-9C59-760E1B4CE30C} = {CF5A9719-BF39-45A3-9921-8B4C820FB548}
		{684E7CB9-9F8C-4107-B485-0F0374FA31E3} = {6FCD48A4-5E35-4382-96B2-2FC5E439D43C}
		{A098DEA7-618A-45A1-8E0C-DA9FCE4332B3} = {684E7CB9-9F8C-4107-B485-0F0374FA31E3}
		{7C634588-D638-4FB8-8877-FC82CF014EAD} = {1C8F650B-7674-41B0-9C59-760E1B4CE30C}
		{0B18030C-D403-4660-9B18-8357782BDB92} = {A098DEA7-618A-45A1-8E0C-DA9FCE4332B3}
	EndGlobalSection
EndGlobal
