
Microsoft Visual Studio Solution File, Format Version 12.00
# Visual Studio 2012
Project("{FAE04EC0-301F-11D3-BF4B-00C04F79EFBC}") = "Scorchio.VisualStudio", "Scorchio.VisualStudio\Scorchio.VisualStudio.csproj", "{012E2419-08C3-4555-AF80-F101B02BBCF0}"
EndProject
Project("{FAE04EC0-301F-11D3-BF4B-00C04F79EFBC}") = "NinjaCoder.MvvmCross", "NinjaCoder.MvvmCross\NinjaCoder.MvvmCross.csproj", "{678643F4-34D9-43AC-AC1B-55FC0D58B598}"
EndProject
Project("{FAE04EC0-301F-11D3-BF4B-00C04F79EFBC}") = "NinjaCoder.MvvmCross.AddIn", "NinjaCoder.MvvmCross.AddIn\NinjaCoder.MvvmCross.AddIn.csproj", "{54C786E5-FD14-4036-92AE-E9F25B71534B}"
EndProject
Project("{FAE04EC0-301F-11D3-BF4B-00C04F79EFBC}") = "NinjaCoder.MvvmCross.UI", "NinjaCoder.MvvmCross.UI\NinjaCoder.MvvmCross.UI.csproj", "{9B7F23AE-83D4-4A88-AAE0-0F98CA1AF8D2}"
EndProject
Project("{FAE04EC0-301F-11D3-BF4B-00C04F79EFBC}") = "TestBed", "TestBed\TestBed.csproj", "{F75BE5CD-8ABF-4CAF-B796-BEDE9F61E762}"
EndProject
Project("{930C7802-8A8C-48F9-8165-68863BCCD9DD}") = "NinjaCoderMvvmCrossInstaller", "NinjaCoderMvvmCrossInstaller\NinjaCoderMvvmCrossInstaller.wixproj", "{377D3ACB-FFFD-49D8-9E59-DDE8D0D99C57}"
EndProject
Global
	GlobalSection(SolutionConfigurationPlatforms) = preSolution
		Ad-Hoc|Any CPU = Ad-Hoc|Any CPU
		Ad-Hoc|ARM = Ad-Hoc|ARM
		Ad-Hoc|iPhone = Ad-Hoc|iPhone
		Ad-Hoc|iPhoneSimulator = Ad-Hoc|iPhoneSimulator
		Ad-Hoc|Mixed Platforms = Ad-Hoc|Mixed Platforms
		Ad-Hoc|x64 = Ad-Hoc|x64
		Ad-Hoc|x86 = Ad-Hoc|x86
		AppStore|Any CPU = AppStore|Any CPU
		AppStore|ARM = AppStore|ARM
		AppStore|iPhone = AppStore|iPhone
		AppStore|iPhoneSimulator = AppStore|iPhoneSimulator
		AppStore|Mixed Platforms = AppStore|Mixed Platforms
		AppStore|x64 = AppStore|x64
		AppStore|x86 = AppStore|x86
		CD_ROM|Any CPU = CD_ROM|Any CPU
		CD_ROM|ARM = CD_ROM|ARM
		CD_ROM|iPhone = CD_ROM|iPhone
		CD_ROM|iPhoneSimulator = CD_ROM|iPhoneSimulator
		CD_ROM|Mixed Platforms = CD_ROM|Mixed Platforms
		CD_ROM|x64 = CD_ROM|x64
		CD_ROM|x86 = CD_ROM|x86
		Debug|Any CPU = Debug|Any CPU
		Debug|ARM = Debug|ARM
		Debug|iPhone = Debug|iPhone
		Debug|iPhoneSimulator = Debug|iPhoneSimulator
		Debug|Mixed Platforms = Debug|Mixed Platforms
		Debug|x64 = Debug|x64
		Debug|x86 = Debug|x86
		DVD-5|Any CPU = DVD-5|Any CPU
		DVD-5|ARM = DVD-5|ARM
		DVD-5|iPhone = DVD-5|iPhone
		DVD-5|iPhoneSimulator = DVD-5|iPhoneSimulator
		DVD-5|Mixed Platforms = DVD-5|Mixed Platforms
		DVD-5|x64 = DVD-5|x64
		DVD-5|x86 = DVD-5|x86
		Release|Any CPU = Release|Any CPU
		Release|ARM = Release|ARM
		Release|iPhone = Release|iPhone
		Release|iPhoneSimulator = Release|iPhoneSimulator
		Release|Mixed Platforms = Release|Mixed Platforms
		Release|x64 = Release|x64
		Release|x86 = Release|x86
		SingleImage|Any CPU = SingleImage|Any CPU
		SingleImage|ARM = SingleImage|ARM
		SingleImage|iPhone = SingleImage|iPhone
		SingleImage|iPhoneSimulator = SingleImage|iPhoneSimulator
		SingleImage|Mixed Platforms = SingleImage|Mixed Platforms
		SingleImage|x64 = SingleImage|x64
		SingleImage|x86 = SingleImage|x86
	EndGlobalSection
	GlobalSection(ProjectConfigurationPlatforms) = postSolution
		{012E2419-08C3-4555-AF80-F101B02BBCF0}.Ad-Hoc|Any CPU.ActiveCfg = Release|Any CPU
		{012E2419-08C3-4555-AF80-F101B02BBCF0}.Ad-Hoc|Any CPU.Build.0 = Release|Any CPU
		{012E2419-08C3-4555-AF80-F101B02BBCF0}.Ad-Hoc|ARM.ActiveCfg = Release|Any CPU
		{012E2419-08C3-4555-AF80-F101B02BBCF0}.Ad-Hoc|iPhone.ActiveCfg = Release|Any CPU
		{012E2419-08C3-4555-AF80-F101B02BBCF0}.Ad-Hoc|iPhoneSimulator.ActiveCfg = Release|Any CPU
		{012E2419-08C3-4555-AF80-F101B02BBCF0}.Ad-Hoc|Mixed Platforms.ActiveCfg = Release|Any CPU
		{012E2419-08C3-4555-AF80-F101B02BBCF0}.Ad-Hoc|Mixed Platforms.Build.0 = Release|Any CPU
		{012E2419-08C3-4555-AF80-F101B02BBCF0}.Ad-Hoc|x64.ActiveCfg = Release|Any CPU
		{012E2419-08C3-4555-AF80-F101B02BBCF0}.Ad-Hoc|x86.ActiveCfg = Release|Any CPU
		{012E2419-08C3-4555-AF80-F101B02BBCF0}.AppStore|Any CPU.ActiveCfg = Release|Any CPU
		{012E2419-08C3-4555-AF80-F101B02BBCF0}.AppStore|Any CPU.Build.0 = Release|Any CPU
		{012E2419-08C3-4555-AF80-F101B02BBCF0}.AppStore|ARM.ActiveCfg = Release|Any CPU
		{012E2419-08C3-4555-AF80-F101B02BBCF0}.AppStore|iPhone.ActiveCfg = Release|Any CPU
		{012E2419-08C3-4555-AF80-F101B02BBCF0}.AppStore|iPhoneSimulator.ActiveCfg = Release|Any CPU
		{012E2419-08C3-4555-AF80-F101B02BBCF0}.AppStore|Mixed Platforms.ActiveCfg = Release|Any CPU
		{012E2419-08C3-4555-AF80-F101B02BBCF0}.AppStore|Mixed Platforms.Build.0 = Release|Any CPU
		{012E2419-08C3-4555-AF80-F101B02BBCF0}.AppStore|x64.ActiveCfg = Release|Any CPU
		{012E2419-08C3-4555-AF80-F101B02BBCF0}.AppStore|x86.ActiveCfg = Release|Any CPU
		{012E2419-08C3-4555-AF80-F101B02BBCF0}.CD_ROM|Any CPU.ActiveCfg = Debug|Any CPU
		{012E2419-08C3-4555-AF80-F101B02BBCF0}.CD_ROM|Any CPU.Build.0 = Debug|Any CPU
		{012E2419-08C3-4555-AF80-F101B02BBCF0}.CD_ROM|ARM.ActiveCfg = Debug|Any CPU
		{012E2419-08C3-4555-AF80-F101B02BBCF0}.CD_ROM|iPhone.ActiveCfg = Debug|Any CPU
		{012E2419-08C3-4555-AF80-F101B02BBCF0}.CD_ROM|iPhoneSimulator.ActiveCfg = Debug|Any CPU
		{012E2419-08C3-4555-AF80-F101B02BBCF0}.CD_ROM|Mixed Platforms.ActiveCfg = Debug|Any CPU
		{012E2419-08C3-4555-AF80-F101B02BBCF0}.CD_ROM|Mixed Platforms.Build.0 = Debug|Any CPU
		{012E2419-08C3-4555-AF80-F101B02BBCF0}.CD_ROM|x64.ActiveCfg = Debug|Any CPU
		{012E2419-08C3-4555-AF80-F101B02BBCF0}.CD_ROM|x86.ActiveCfg = Debug|Any CPU
		{012E2419-08C3-4555-AF80-F101B02BBCF0}.Debug|Any CPU.ActiveCfg = Debug|Any CPU
		{012E2419-08C3-4555-AF80-F101B02BBCF0}.Debug|Any CPU.Build.0 = Debug|Any CPU
		{012E2419-08C3-4555-AF80-F101B02BBCF0}.Debug|ARM.ActiveCfg = Debug|Any CPU
		{012E2419-08C3-4555-AF80-F101B02BBCF0}.Debug|iPhone.ActiveCfg = Debug|Any CPU
		{012E2419-08C3-4555-AF80-F101B02BBCF0}.Debug|iPhoneSimulator.ActiveCfg = Debug|Any CPU
		{012E2419-08C3-4555-AF80-F101B02BBCF0}.Debug|Mixed Platforms.ActiveCfg = Debug|Any CPU
		{012E2419-08C3-4555-AF80-F101B02BBCF0}.Debug|Mixed Platforms.Build.0 = Debug|Any CPU
		{012E2419-08C3-4555-AF80-F101B02BBCF0}.Debug|x64.ActiveCfg = Debug|Any CPU
		{012E2419-08C3-4555-AF80-F101B02BBCF0}.Debug|x86.ActiveCfg = Debug|Any CPU
		{012E2419-08C3-4555-AF80-F101B02BBCF0}.DVD-5|Any CPU.ActiveCfg = Debug|Any CPU
		{012E2419-08C3-4555-AF80-F101B02BBCF0}.DVD-5|Any CPU.Build.0 = Debug|Any CPU
		{012E2419-08C3-4555-AF80-F101B02BBCF0}.DVD-5|ARM.ActiveCfg = Debug|Any CPU
		{012E2419-08C3-4555-AF80-F101B02BBCF0}.DVD-5|iPhone.ActiveCfg = Debug|Any CPU
		{012E2419-08C3-4555-AF80-F101B02BBCF0}.DVD-5|iPhoneSimulator.ActiveCfg = Debug|Any CPU
		{012E2419-08C3-4555-AF80-F101B02BBCF0}.DVD-5|Mixed Platforms.ActiveCfg = Debug|Any CPU
		{012E2419-08C3-4555-AF80-F101B02BBCF0}.DVD-5|Mixed Platforms.Build.0 = Debug|Any CPU
		{012E2419-08C3-4555-AF80-F101B02BBCF0}.DVD-5|x64.ActiveCfg = Debug|Any CPU
		{012E2419-08C3-4555-AF80-F101B02BBCF0}.DVD-5|x86.ActiveCfg = Debug|Any CPU
		{012E2419-08C3-4555-AF80-F101B02BBCF0}.Release|Any CPU.ActiveCfg = Release|Any CPU
		{012E2419-08C3-4555-AF80-F101B02BBCF0}.Release|Any CPU.Build.0 = Release|Any CPU
		{012E2419-08C3-4555-AF80-F101B02BBCF0}.Release|ARM.ActiveCfg = Release|Any CPU
		{012E2419-08C3-4555-AF80-F101B02BBCF0}.Release|iPhone.ActiveCfg = Release|Any CPU
		{012E2419-08C3-4555-AF80-F101B02BBCF0}.Release|iPhoneSimulator.ActiveCfg = Release|Any CPU
		{012E2419-08C3-4555-AF80-F101B02BBCF0}.Release|Mixed Platforms.ActiveCfg = Release|Any CPU
		{012E2419-08C3-4555-AF80-F101B02BBCF0}.Release|Mixed Platforms.Build.0 = Release|Any CPU
		{012E2419-08C3-4555-AF80-F101B02BBCF0}.Release|x64.ActiveCfg = Release|Any CPU
		{012E2419-08C3-4555-AF80-F101B02BBCF0}.Release|x86.ActiveCfg = Release|Any CPU
		{012E2419-08C3-4555-AF80-F101B02BBCF0}.SingleImage|Any CPU.ActiveCfg = Debug|Any CPU
		{012E2419-08C3-4555-AF80-F101B02BBCF0}.SingleImage|Any CPU.Build.0 = Debug|Any CPU
		{012E2419-08C3-4555-AF80-F101B02BBCF0}.SingleImage|ARM.ActiveCfg = Debug|Any CPU
		{012E2419-08C3-4555-AF80-F101B02BBCF0}.SingleImage|iPhone.ActiveCfg = Debug|Any CPU
		{012E2419-08C3-4555-AF80-F101B02BBCF0}.SingleImage|iPhoneSimulator.ActiveCfg = Debug|Any CPU
		{012E2419-08C3-4555-AF80-F101B02BBCF0}.SingleImage|Mixed Platforms.ActiveCfg = Debug|Any CPU
		{012E2419-08C3-4555-AF80-F101B02BBCF0}.SingleImage|Mixed Platforms.Build.0 = Debug|Any CPU
		{012E2419-08C3-4555-AF80-F101B02BBCF0}.SingleImage|x64.ActiveCfg = Debug|Any CPU
		{012E2419-08C3-4555-AF80-F101B02BBCF0}.SingleImage|x86.ActiveCfg = Debug|Any CPU
		{678643F4-34D9-43AC-AC1B-55FC0D58B598}.Ad-Hoc|Any CPU.ActiveCfg = Release|Any CPU
		{678643F4-34D9-43AC-AC1B-55FC0D58B598}.Ad-Hoc|Any CPU.Build.0 = Release|Any CPU
		{678643F4-34D9-43AC-AC1B-55FC0D58B598}.Ad-Hoc|ARM.ActiveCfg = Release|Any CPU
		{678643F4-34D9-43AC-AC1B-55FC0D58B598}.Ad-Hoc|iPhone.ActiveCfg = Release|Any CPU
		{678643F4-34D9-43AC-AC1B-55FC0D58B598}.Ad-Hoc|iPhoneSimulator.ActiveCfg = Release|Any CPU
		{678643F4-34D9-43AC-AC1B-55FC0D58B598}.Ad-Hoc|Mixed Platforms.ActiveCfg = Release|Any CPU
		{678643F4-34D9-43AC-AC1B-55FC0D58B598}.Ad-Hoc|Mixed Platforms.Build.0 = Release|Any CPU
		{678643F4-34D9-43AC-AC1B-55FC0D58B598}.Ad-Hoc|x64.ActiveCfg = Release|Any CPU
		{678643F4-34D9-43AC-AC1B-55FC0D58B598}.Ad-Hoc|x86.ActiveCfg = Release|Any CPU
		{678643F4-34D9-43AC-AC1B-55FC0D58B598}.AppStore|Any CPU.ActiveCfg = Release|Any CPU
		{678643F4-34D9-43AC-AC1B-55FC0D58B598}.AppStore|Any CPU.Build.0 = Release|Any CPU
		{678643F4-34D9-43AC-AC1B-55FC0D58B598}.AppStore|ARM.ActiveCfg = Release|Any CPU
		{678643F4-34D9-43AC-AC1B-55FC0D58B598}.AppStore|iPhone.ActiveCfg = Release|Any CPU
		{678643F4-34D9-43AC-AC1B-55FC0D58B598}.AppStore|iPhoneSimulator.ActiveCfg = Release|Any CPU
		{678643F4-34D9-43AC-AC1B-55FC0D58B598}.AppStore|Mixed Platforms.ActiveCfg = Release|Any CPU
		{678643F4-34D9-43AC-AC1B-55FC0D58B598}.AppStore|Mixed Platforms.Build.0 = Release|Any CPU
		{678643F4-34D9-43AC-AC1B-55FC0D58B598}.AppStore|x64.ActiveCfg = Release|Any CPU
		{678643F4-34D9-43AC-AC1B-55FC0D58B598}.AppStore|x86.ActiveCfg = Release|Any CPU
		{678643F4-34D9-43AC-AC1B-55FC0D58B598}.CD_ROM|Any CPU.ActiveCfg = Debug|Any CPU
		{678643F4-34D9-43AC-AC1B-55FC0D58B598}.CD_ROM|Any CPU.Build.0 = Debug|Any CPU
		{678643F4-34D9-43AC-AC1B-55FC0D58B598}.CD_ROM|ARM.ActiveCfg = Debug|Any CPU
		{678643F4-34D9-43AC-AC1B-55FC0D58B598}.CD_ROM|iPhone.ActiveCfg = Debug|Any CPU
		{678643F4-34D9-43AC-AC1B-55FC0D58B598}.CD_ROM|iPhoneSimulator.ActiveCfg = Debug|Any CPU
		{678643F4-34D9-43AC-AC1B-55FC0D58B598}.CD_ROM|Mixed Platforms.ActiveCfg = Debug|Any CPU
		{678643F4-34D9-43AC-AC1B-55FC0D58B598}.CD_ROM|Mixed Platforms.Build.0 = Debug|Any CPU
		{678643F4-34D9-43AC-AC1B-55FC0D58B598}.CD_ROM|x64.ActiveCfg = Debug|Any CPU
		{678643F4-34D9-43AC-AC1B-55FC0D58B598}.CD_ROM|x86.ActiveCfg = Debug|Any CPU
		{678643F4-34D9-43AC-AC1B-55FC0D58B598}.Debug|Any CPU.ActiveCfg = Debug|Any CPU
		{678643F4-34D9-43AC-AC1B-55FC0D58B598}.Debug|Any CPU.Build.0 = Debug|Any CPU
		{678643F4-34D9-43AC-AC1B-55FC0D58B598}.Debug|ARM.ActiveCfg = Debug|Any CPU
		{678643F4-34D9-43AC-AC1B-55FC0D58B598}.Debug|iPhone.ActiveCfg = Debug|Any CPU
		{678643F4-34D9-43AC-AC1B-55FC0D58B598}.Debug|iPhoneSimulator.ActiveCfg = Debug|Any CPU
		{678643F4-34D9-43AC-AC1B-55FC0D58B598}.Debug|Mixed Platforms.ActiveCfg = Debug|Any CPU
		{678643F4-34D9-43AC-AC1B-55FC0D58B598}.Debug|Mixed Platforms.Build.0 = Debug|Any CPU
		{678643F4-34D9-43AC-AC1B-55FC0D58B598}.Debug|x64.ActiveCfg = Debug|Any CPU
		{678643F4-34D9-43AC-AC1B-55FC0D58B598}.Debug|x86.ActiveCfg = Debug|Any CPU
		{678643F4-34D9-43AC-AC1B-55FC0D58B598}.DVD-5|Any CPU.ActiveCfg = Debug|Any CPU
		{678643F4-34D9-43AC-AC1B-55FC0D58B598}.DVD-5|Any CPU.Build.0 = Debug|Any CPU
		{678643F4-34D9-43AC-AC1B-55FC0D58B598}.DVD-5|ARM.ActiveCfg = Debug|Any CPU
		{678643F4-34D9-43AC-AC1B-55FC0D58B598}.DVD-5|iPhone.ActiveCfg = Debug|Any CPU
		{678643F4-34D9-43AC-AC1B-55FC0D58B598}.DVD-5|iPhoneSimulator.ActiveCfg = Debug|Any CPU
		{678643F4-34D9-43AC-AC1B-55FC0D58B598}.DVD-5|Mixed Platforms.ActiveCfg = Debug|Any CPU
		{678643F4-34D9-43AC-AC1B-55FC0D58B598}.DVD-5|Mixed Platforms.Build.0 = Debug|Any CPU
		{678643F4-34D9-43AC-AC1B-55FC0D58B598}.DVD-5|x64.ActiveCfg = Debug|Any CPU
		{678643F4-34D9-43AC-AC1B-55FC0D58B598}.DVD-5|x86.ActiveCfg = Debug|Any CPU
		{678643F4-34D9-43AC-AC1B-55FC0D58B598}.Release|Any CPU.ActiveCfg = Release|Any CPU
		{678643F4-34D9-43AC-AC1B-55FC0D58B598}.Release|Any CPU.Build.0 = Release|Any CPU
		{678643F4-34D9-43AC-AC1B-55FC0D58B598}.Release|ARM.ActiveCfg = Release|Any CPU
		{678643F4-34D9-43AC-AC1B-55FC0D58B598}.Release|iPhone.ActiveCfg = Release|Any CPU
		{678643F4-34D9-43AC-AC1B-55FC0D58B598}.Release|iPhoneSimulator.ActiveCfg = Release|Any CPU
		{678643F4-34D9-43AC-AC1B-55FC0D58B598}.Release|Mixed Platforms.ActiveCfg = Release|Any CPU
		{678643F4-34D9-43AC-AC1B-55FC0D58B598}.Release|Mixed Platforms.Build.0 = Release|Any CPU
		{678643F4-34D9-43AC-AC1B-55FC0D58B598}.Release|x64.ActiveCfg = Release|Any CPU
		{678643F4-34D9-43AC-AC1B-55FC0D58B598}.Release|x86.ActiveCfg = Release|Any CPU
		{678643F4-34D9-43AC-AC1B-55FC0D58B598}.SingleImage|Any CPU.ActiveCfg = Debug|Any CPU
		{678643F4-34D9-43AC-AC1B-55FC0D58B598}.SingleImage|Any CPU.Build.0 = Debug|Any CPU
		{678643F4-34D9-43AC-AC1B-55FC0D58B598}.SingleImage|ARM.ActiveCfg = Debug|Any CPU
		{678643F4-34D9-43AC-AC1B-55FC0D58B598}.SingleImage|iPhone.ActiveCfg = Debug|Any CPU
		{678643F4-34D9-43AC-AC1B-55FC0D58B598}.SingleImage|iPhoneSimulator.ActiveCfg = Debug|Any CPU
		{678643F4-34D9-43AC-AC1B-55FC0D58B598}.SingleImage|Mixed Platforms.ActiveCfg = Debug|Any CPU
		{678643F4-34D9-43AC-AC1B-55FC0D58B598}.SingleImage|Mixed Platforms.Build.0 = Debug|Any CPU
		{678643F4-34D9-43AC-AC1B-55FC0D58B598}.SingleImage|x64.ActiveCfg = Debug|Any CPU
		{678643F4-34D9-43AC-AC1B-55FC0D58B598}.SingleImage|x86.ActiveCfg = Debug|Any CPU
		{54C786E5-FD14-4036-92AE-E9F25B71534B}.Ad-Hoc|Any CPU.ActiveCfg = Release|Any CPU
		{54C786E5-FD14-4036-92AE-E9F25B71534B}.Ad-Hoc|Any CPU.Build.0 = Release|Any CPU
		{54C786E5-FD14-4036-92AE-E9F25B71534B}.Ad-Hoc|ARM.ActiveCfg = Release|Any CPU
		{54C786E5-FD14-4036-92AE-E9F25B71534B}.Ad-Hoc|iPhone.ActiveCfg = Release|Any CPU
		{54C786E5-FD14-4036-92AE-E9F25B71534B}.Ad-Hoc|iPhoneSimulator.ActiveCfg = Release|Any CPU
		{54C786E5-FD14-4036-92AE-E9F25B71534B}.Ad-Hoc|Mixed Platforms.ActiveCfg = Release|Any CPU
		{54C786E5-FD14-4036-92AE-E9F25B71534B}.Ad-Hoc|Mixed Platforms.Build.0 = Release|Any CPU
		{54C786E5-FD14-4036-92AE-E9F25B71534B}.Ad-Hoc|x64.ActiveCfg = Release|Any CPU
		{54C786E5-FD14-4036-92AE-E9F25B71534B}.Ad-Hoc|x86.ActiveCfg = Release|Any CPU
		{54C786E5-FD14-4036-92AE-E9F25B71534B}.AppStore|Any CPU.ActiveCfg = Release|Any CPU
		{54C786E5-FD14-4036-92AE-E9F25B71534B}.AppStore|Any CPU.Build.0 = Release|Any CPU
		{54C786E5-FD14-4036-92AE-E9F25B71534B}.AppStore|ARM.ActiveCfg = Release|Any CPU
		{54C786E5-FD14-4036-92AE-E9F25B71534B}.AppStore|iPhone.ActiveCfg = Release|Any CPU
		{54C786E5-FD14-4036-92AE-E9F25B71534B}.AppStore|iPhoneSimulator.ActiveCfg = Release|Any CPU
		{54C786E5-FD14-4036-92AE-E9F25B71534B}.AppStore|Mixed Platforms.ActiveCfg = Release|Any CPU
		{54C786E5-FD14-4036-92AE-E9F25B71534B}.AppStore|Mixed Platforms.Build.0 = Release|Any CPU
		{54C786E5-FD14-4036-92AE-E9F25B71534B}.AppStore|x64.ActiveCfg = Release|Any CPU
		{54C786E5-FD14-4036-92AE-E9F25B71534B}.AppStore|x86.ActiveCfg = Release|Any CPU
		{54C786E5-FD14-4036-92AE-E9F25B71534B}.CD_ROM|Any CPU.ActiveCfg = Debug|Any CPU
		{54C786E5-FD14-4036-92AE-E9F25B71534B}.CD_ROM|Any CPU.Build.0 = Debug|Any CPU
		{54C786E5-FD14-4036-92AE-E9F25B71534B}.CD_ROM|ARM.ActiveCfg = Debug|Any CPU
		{54C786E5-FD14-4036-92AE-E9F25B71534B}.CD_ROM|iPhone.ActiveCfg = Debug|Any CPU
		{54C786E5-FD14-4036-92AE-E9F25B71534B}.CD_ROM|iPhoneSimulator.ActiveCfg = Debug|Any CPU
		{54C786E5-FD14-4036-92AE-E9F25B71534B}.CD_ROM|Mixed Platforms.ActiveCfg = Debug|Any CPU
		{54C786E5-FD14-4036-92AE-E9F25B71534B}.CD_ROM|Mixed Platforms.Build.0 = Debug|Any CPU
		{54C786E5-FD14-4036-92AE-E9F25B71534B}.CD_ROM|x64.ActiveCfg = Debug|Any CPU
		{54C786E5-FD14-4036-92AE-E9F25B71534B}.CD_ROM|x86.ActiveCfg = Debug|Any CPU
		{54C786E5-FD14-4036-92AE-E9F25B71534B}.Debug|Any CPU.ActiveCfg = Debug|Any CPU
		{54C786E5-FD14-4036-92AE-E9F25B71534B}.Debug|Any CPU.Build.0 = Debug|Any CPU
		{54C786E5-FD14-4036-92AE-E9F25B71534B}.Debug|ARM.ActiveCfg = Debug|Any CPU
		{54C786E5-FD14-4036-92AE-E9F25B71534B}.Debug|iPhone.ActiveCfg = Debug|Any CPU
		{54C786E5-FD14-4036-92AE-E9F25B71534B}.Debug|iPhoneSimulator.ActiveCfg = Debug|Any CPU
		{54C786E5-FD14-4036-92AE-E9F25B71534B}.Debug|Mixed Platforms.ActiveCfg = Debug|Any CPU
		{54C786E5-FD14-4036-92AE-E9F25B71534B}.Debug|Mixed Platforms.Build.0 = Debug|Any CPU
		{54C786E5-FD14-4036-92AE-E9F25B71534B}.Debug|x64.ActiveCfg = Debug|Any CPU
		{54C786E5-FD14-4036-92AE-E9F25B71534B}.Debug|x86.ActiveCfg = Debug|Any CPU
		{54C786E5-FD14-4036-92AE-E9F25B71534B}.DVD-5|Any CPU.ActiveCfg = Debug|Any CPU
		{54C786E5-FD14-4036-92AE-E9F25B71534B}.DVD-5|Any CPU.Build.0 = Debug|Any CPU
		{54C786E5-FD14-4036-92AE-E9F25B71534B}.DVD-5|ARM.ActiveCfg = Debug|Any CPU
		{54C786E5-FD14-4036-92AE-E9F25B71534B}.DVD-5|iPhone.ActiveCfg = Debug|Any CPU
		{54C786E5-FD14-4036-92AE-E9F25B71534B}.DVD-5|iPhoneSimulator.ActiveCfg = Debug|Any CPU
		{54C786E5-FD14-4036-92AE-E9F25B71534B}.DVD-5|Mixed Platforms.ActiveCfg = Debug|Any CPU
		{54C786E5-FD14-4036-92AE-E9F25B71534B}.DVD-5|Mixed Platforms.Build.0 = Debug|Any CPU
		{54C786E5-FD14-4036-92AE-E9F25B71534B}.DVD-5|x64.ActiveCfg = Debug|Any CPU
		{54C786E5-FD14-4036-92AE-E9F25B71534B}.DVD-5|x86.ActiveCfg = Debug|Any CPU
		{54C786E5-FD14-4036-92AE-E9F25B71534B}.Release|Any CPU.ActiveCfg = Release|Any CPU
		{54C786E5-FD14-4036-92AE-E9F25B71534B}.Release|Any CPU.Build.0 = Release|Any CPU
		{54C786E5-FD14-4036-92AE-E9F25B71534B}.Release|ARM.ActiveCfg = Release|Any CPU
		{54C786E5-FD14-4036-92AE-E9F25B71534B}.Release|iPhone.ActiveCfg = Release|Any CPU
		{54C786E5-FD14-4036-92AE-E9F25B71534B}.Release|iPhoneSimulator.ActiveCfg = Release|Any CPU
		{54C786E5-FD14-4036-92AE-E9F25B71534B}.Release|Mixed Platforms.ActiveCfg = Release|Any CPU
		{54C786E5-FD14-4036-92AE-E9F25B71534B}.Release|Mixed Platforms.Build.0 = Release|Any CPU
		{54C786E5-FD14-4036-92AE-E9F25B71534B}.Release|x64.ActiveCfg = Release|Any CPU
		{54C786E5-FD14-4036-92AE-E9F25B71534B}.Release|x86.ActiveCfg = Release|Any CPU
		{54C786E5-FD14-4036-92AE-E9F25B71534B}.SingleImage|Any CPU.ActiveCfg = Debug|Any CPU
		{54C786E5-FD14-4036-92AE-E9F25B71534B}.SingleImage|Any CPU.Build.0 = Debug|Any CPU
		{54C786E5-FD14-4036-92AE-E9F25B71534B}.SingleImage|ARM.ActiveCfg = Debug|Any CPU
		{54C786E5-FD14-4036-92AE-E9F25B71534B}.SingleImage|iPhone.ActiveCfg = Debug|Any CPU
		{54C786E5-FD14-4036-92AE-E9F25B71534B}.SingleImage|iPhoneSimulator.ActiveCfg = Debug|Any CPU
		{54C786E5-FD14-4036-92AE-E9F25B71534B}.SingleImage|Mixed Platforms.ActiveCfg = Debug|Any CPU
		{54C786E5-FD14-4036-92AE-E9F25B71534B}.SingleImage|Mixed Platforms.Build.0 = Debug|Any CPU
		{54C786E5-FD14-4036-92AE-E9F25B71534B}.SingleImage|x64.ActiveCfg = Debug|Any CPU
		{54C786E5-FD14-4036-92AE-E9F25B71534B}.SingleImage|x86.ActiveCfg = Debug|Any CPU
		{9B7F23AE-83D4-4A88-AAE0-0F98CA1AF8D2}.Ad-Hoc|Any CPU.ActiveCfg = Release|Any CPU
		{9B7F23AE-83D4-4A88-AAE0-0F98CA1AF8D2}.Ad-Hoc|Any CPU.Build.0 = Release|Any CPU
		{9B7F23AE-83D4-4A88-AAE0-0F98CA1AF8D2}.Ad-Hoc|ARM.ActiveCfg = Release|Any CPU
		{9B7F23AE-83D4-4A88-AAE0-0F98CA1AF8D2}.Ad-Hoc|iPhone.ActiveCfg = Release|Any CPU
		{9B7F23AE-83D4-4A88-AAE0-0F98CA1AF8D2}.Ad-Hoc|iPhoneSimulator.ActiveCfg = Release|Any CPU
		{9B7F23AE-83D4-4A88-AAE0-0F98CA1AF8D2}.Ad-Hoc|Mixed Platforms.ActiveCfg = Release|Any CPU
		{9B7F23AE-83D4-4A88-AAE0-0F98CA1AF8D2}.Ad-Hoc|Mixed Platforms.Build.0 = Release|Any CPU
		{9B7F23AE-83D4-4A88-AAE0-0F98CA1AF8D2}.Ad-Hoc|x64.ActiveCfg = Release|Any CPU
		{9B7F23AE-83D4-4A88-AAE0-0F98CA1AF8D2}.Ad-Hoc|x86.ActiveCfg = Release|Any CPU
		{9B7F23AE-83D4-4A88-AAE0-0F98CA1AF8D2}.AppStore|Any CPU.ActiveCfg = Release|Any CPU
		{9B7F23AE-83D4-4A88-AAE0-0F98CA1AF8D2}.AppStore|Any CPU.Build.0 = Release|Any CPU
		{9B7F23AE-83D4-4A88-AAE0-0F98CA1AF8D2}.AppStore|ARM.ActiveCfg = Release|Any CPU
		{9B7F23AE-83D4-4A88-AAE0-0F98CA1AF8D2}.AppStore|iPhone.ActiveCfg = Release|Any CPU
		{9B7F23AE-83D4-4A88-AAE0-0F98CA1AF8D2}.AppStore|iPhoneSimulator.ActiveCfg = Release|Any CPU
		{9B7F23AE-83D4-4A88-AAE0-0F98CA1AF8D2}.AppStore|Mixed Platforms.ActiveCfg = Release|Any CPU
		{9B7F23AE-83D4-4A88-AAE0-0F98CA1AF8D2}.AppStore|Mixed Platforms.Build.0 = Release|Any CPU
		{9B7F23AE-83D4-4A88-AAE0-0F98CA1AF8D2}.AppStore|x64.ActiveCfg = Release|Any CPU
		{9B7F23AE-83D4-4A88-AAE0-0F98CA1AF8D2}.AppStore|x86.ActiveCfg = Release|Any CPU
		{9B7F23AE-83D4-4A88-AAE0-0F98CA1AF8D2}.CD_ROM|Any CPU.ActiveCfg = Debug|Any CPU
		{9B7F23AE-83D4-4A88-AAE0-0F98CA1AF8D2}.CD_ROM|Any CPU.Build.0 = Debug|Any CPU
		{9B7F23AE-83D4-4A88-AAE0-0F98CA1AF8D2}.CD_ROM|ARM.ActiveCfg = Debug|Any CPU
		{9B7F23AE-83D4-4A88-AAE0-0F98CA1AF8D2}.CD_ROM|iPhone.ActiveCfg = Debug|Any CPU
		{9B7F23AE-83D4-4A88-AAE0-0F98CA1AF8D2}.CD_ROM|iPhoneSimulator.ActiveCfg = Debug|Any CPU
		{9B7F23AE-83D4-4A88-AAE0-0F98CA1AF8D2}.CD_ROM|Mixed Platforms.ActiveCfg = Debug|Any CPU
		{9B7F23AE-83D4-4A88-AAE0-0F98CA1AF8D2}.CD_ROM|Mixed Platforms.Build.0 = Debug|Any CPU
		{9B7F23AE-83D4-4A88-AAE0-0F98CA1AF8D2}.CD_ROM|x64.ActiveCfg = Debug|Any CPU
		{9B7F23AE-83D4-4A88-AAE0-0F98CA1AF8D2}.CD_ROM|x86.ActiveCfg = Debug|Any CPU
		{9B7F23AE-83D4-4A88-AAE0-0F98CA1AF8D2}.Debug|Any CPU.ActiveCfg = Debug|Any CPU
		{9B7F23AE-83D4-4A88-AAE0-0F98CA1AF8D2}.Debug|Any CPU.Build.0 = Debug|Any CPU
		{9B7F23AE-83D4-4A88-AAE0-0F98CA1AF8D2}.Debug|ARM.ActiveCfg = Debug|Any CPU
		{9B7F23AE-83D4-4A88-AAE0-0F98CA1AF8D2}.Debug|iPhone.ActiveCfg = Debug|Any CPU
		{9B7F23AE-83D4-4A88-AAE0-0F98CA1AF8D2}.Debug|iPhoneSimulator.ActiveCfg = Debug|Any CPU
		{9B7F23AE-83D4-4A88-AAE0-0F98CA1AF8D2}.Debug|Mixed Platforms.ActiveCfg = Debug|Any CPU
		{9B7F23AE-83D4-4A88-AAE0-0F98CA1AF8D2}.Debug|Mixed Platforms.Build.0 = Debug|Any CPU
		{9B7F23AE-83D4-4A88-AAE0-0F98CA1AF8D2}.Debug|x64.ActiveCfg = Debug|Any CPU
		{9B7F23AE-83D4-4A88-AAE0-0F98CA1AF8D2}.Debug|x86.ActiveCfg = Debug|Any CPU
		{9B7F23AE-83D4-4A88-AAE0-0F98CA1AF8D2}.DVD-5|Any CPU.ActiveCfg = Debug|Any CPU
		{9B7F23AE-83D4-4A88-AAE0-0F98CA1AF8D2}.DVD-5|Any CPU.Build.0 = Debug|Any CPU
		{9B7F23AE-83D4-4A88-AAE0-0F98CA1AF8D2}.DVD-5|ARM.ActiveCfg = Debug|Any CPU
		{9B7F23AE-83D4-4A88-AAE0-0F98CA1AF8D2}.DVD-5|iPhone.ActiveCfg = Debug|Any CPU
		{9B7F23AE-83D4-4A88-AAE0-0F98CA1AF8D2}.DVD-5|iPhoneSimulator.ActiveCfg = Debug|Any CPU
		{9B7F23AE-83D4-4A88-AAE0-0F98CA1AF8D2}.DVD-5|Mixed Platforms.ActiveCfg = Debug|Any CPU
		{9B7F23AE-83D4-4A88-AAE0-0F98CA1AF8D2}.DVD-5|Mixed Platforms.Build.0 = Debug|Any CPU
		{9B7F23AE-83D4-4A88-AAE0-0F98CA1AF8D2}.DVD-5|x64.ActiveCfg = Debug|Any CPU
		{9B7F23AE-83D4-4A88-AAE0-0F98CA1AF8D2}.DVD-5|x86.ActiveCfg = Debug|Any CPU
		{9B7F23AE-83D4-4A88-AAE0-0F98CA1AF8D2}.Release|Any CPU.ActiveCfg = Release|Any CPU
		{9B7F23AE-83D4-4A88-AAE0-0F98CA1AF8D2}.Release|Any CPU.Build.0 = Release|Any CPU
		{9B7F23AE-83D4-4A88-AAE0-0F98CA1AF8D2}.Release|ARM.ActiveCfg = Release|Any CPU
		{9B7F23AE-83D4-4A88-AAE0-0F98CA1AF8D2}.Release|iPhone.ActiveCfg = Release|Any CPU
		{9B7F23AE-83D4-4A88-AAE0-0F98CA1AF8D2}.Release|iPhoneSimulator.ActiveCfg = Release|Any CPU
		{9B7F23AE-83D4-4A88-AAE0-0F98CA1AF8D2}.Release|Mixed Platforms.ActiveCfg = Release|Any CPU
		{9B7F23AE-83D4-4A88-AAE0-0F98CA1AF8D2}.Release|Mixed Platforms.Build.0 = Release|Any CPU
		{9B7F23AE-83D4-4A88-AAE0-0F98CA1AF8D2}.Release|x64.ActiveCfg = Release|Any CPU
		{9B7F23AE-83D4-4A88-AAE0-0F98CA1AF8D2}.Release|x86.ActiveCfg = Release|Any CPU
		{9B7F23AE-83D4-4A88-AAE0-0F98CA1AF8D2}.SingleImage|Any CPU.ActiveCfg = Debug|Any CPU
		{9B7F23AE-83D4-4A88-AAE0-0F98CA1AF8D2}.SingleImage|Any CPU.Build.0 = Debug|Any CPU
		{9B7F23AE-83D4-4A88-AAE0-0F98CA1AF8D2}.SingleImage|ARM.ActiveCfg = Debug|Any CPU
		{9B7F23AE-83D4-4A88-AAE0-0F98CA1AF8D2}.SingleImage|iPhone.ActiveCfg = Debug|Any CPU
		{9B7F23AE-83D4-4A88-AAE0-0F98CA1AF8D2}.SingleImage|iPhoneSimulator.ActiveCfg = Debug|Any CPU
		{9B7F23AE-83D4-4A88-AAE0-0F98CA1AF8D2}.SingleImage|Mixed Platforms.ActiveCfg = Debug|Any CPU
		{9B7F23AE-83D4-4A88-AAE0-0F98CA1AF8D2}.SingleImage|Mixed Platforms.Build.0 = Debug|Any CPU
		{9B7F23AE-83D4-4A88-AAE0-0F98CA1AF8D2}.SingleImage|x64.ActiveCfg = Debug|Any CPU
		{9B7F23AE-83D4-4A88-AAE0-0F98CA1AF8D2}.SingleImage|x86.ActiveCfg = Debug|Any CPU
		{F75BE5CD-8ABF-4CAF-B796-BEDE9F61E762}.Ad-Hoc|Any CPU.ActiveCfg = Release|Any CPU
		{F75BE5CD-8ABF-4CAF-B796-BEDE9F61E762}.Ad-Hoc|Any CPU.Build.0 = Release|Any CPU
		{F75BE5CD-8ABF-4CAF-B796-BEDE9F61E762}.Ad-Hoc|ARM.ActiveCfg = Release|Any CPU
		{F75BE5CD-8ABF-4CAF-B796-BEDE9F61E762}.Ad-Hoc|iPhone.ActiveCfg = Release|Any CPU
		{F75BE5CD-8ABF-4CAF-B796-BEDE9F61E762}.Ad-Hoc|iPhoneSimulator.ActiveCfg = Release|Any CPU
		{F75BE5CD-8ABF-4CAF-B796-BEDE9F61E762}.Ad-Hoc|Mixed Platforms.ActiveCfg = Release|Any CPU
		{F75BE5CD-8ABF-4CAF-B796-BEDE9F61E762}.Ad-Hoc|Mixed Platforms.Build.0 = Release|Any CPU
		{F75BE5CD-8ABF-4CAF-B796-BEDE9F61E762}.Ad-Hoc|x64.ActiveCfg = Release|Any CPU
		{F75BE5CD-8ABF-4CAF-B796-BEDE9F61E762}.Ad-Hoc|x86.ActiveCfg = Release|Any CPU
		{F75BE5CD-8ABF-4CAF-B796-BEDE9F61E762}.AppStore|Any CPU.ActiveCfg = Release|Any CPU
		{F75BE5CD-8ABF-4CAF-B796-BEDE9F61E762}.AppStore|Any CPU.Build.0 = Release|Any CPU
		{F75BE5CD-8ABF-4CAF-B796-BEDE9F61E762}.AppStore|ARM.ActiveCfg = Release|Any CPU
		{F75BE5CD-8ABF-4CAF-B796-BEDE9F61E762}.AppStore|iPhone.ActiveCfg = Release|Any CPU
		{F75BE5CD-8ABF-4CAF-B796-BEDE9F61E762}.AppStore|iPhoneSimulator.ActiveCfg = Release|Any CPU
		{F75BE5CD-8ABF-4CAF-B796-BEDE9F61E762}.AppStore|Mixed Platforms.ActiveCfg = Release|Any CPU
		{F75BE5CD-8ABF-4CAF-B796-BEDE9F61E762}.AppStore|Mixed Platforms.Build.0 = Release|Any CPU
		{F75BE5CD-8ABF-4CAF-B796-BEDE9F61E762}.AppStore|x64.ActiveCfg = Release|Any CPU
		{F75BE5CD-8ABF-4CAF-B796-BEDE9F61E762}.AppStore|x86.ActiveCfg = Release|Any CPU
		{F75BE5CD-8ABF-4CAF-B796-BEDE9F61E762}.CD_ROM|Any CPU.ActiveCfg = Debug|Any CPU
		{F75BE5CD-8ABF-4CAF-B796-BEDE9F61E762}.CD_ROM|Any CPU.Build.0 = Debug|Any CPU
		{F75BE5CD-8ABF-4CAF-B796-BEDE9F61E762}.CD_ROM|ARM.ActiveCfg = Debug|Any CPU
		{F75BE5CD-8ABF-4CAF-B796-BEDE9F61E762}.CD_ROM|iPhone.ActiveCfg = Debug|Any CPU
		{F75BE5CD-8ABF-4CAF-B796-BEDE9F61E762}.CD_ROM|iPhoneSimulator.ActiveCfg = Debug|Any CPU
		{F75BE5CD-8ABF-4CAF-B796-BEDE9F61E762}.CD_ROM|Mixed Platforms.ActiveCfg = Debug|Any CPU
		{F75BE5CD-8ABF-4CAF-B796-BEDE9F61E762}.CD_ROM|Mixed Platforms.Build.0 = Debug|Any CPU
		{F75BE5CD-8ABF-4CAF-B796-BEDE9F61E762}.CD_ROM|x64.ActiveCfg = Debug|Any CPU
		{F75BE5CD-8ABF-4CAF-B796-BEDE9F61E762}.CD_ROM|x86.ActiveCfg = Debug|Any CPU
		{F75BE5CD-8ABF-4CAF-B796-BEDE9F61E762}.Debug|Any CPU.ActiveCfg = Debug|Any CPU
		{F75BE5CD-8ABF-4CAF-B796-BEDE9F61E762}.Debug|Any CPU.Build.0 = Debug|Any CPU
		{F75BE5CD-8ABF-4CAF-B796-BEDE9F61E762}.Debug|ARM.ActiveCfg = Debug|Any CPU
		{F75BE5CD-8ABF-4CAF-B796-BEDE9F61E762}.Debug|iPhone.ActiveCfg = Debug|Any CPU
		{F75BE5CD-8ABF-4CAF-B796-BEDE9F61E762}.Debug|iPhoneSimulator.ActiveCfg = Debug|Any CPU
		{F75BE5CD-8ABF-4CAF-B796-BEDE9F61E762}.Debug|Mixed Platforms.ActiveCfg = Debug|Any CPU
		{F75BE5CD-8ABF-4CAF-B796-BEDE9F61E762}.Debug|Mixed Platforms.Build.0 = Debug|Any CPU
		{F75BE5CD-8ABF-4CAF-B796-BEDE9F61E762}.Debug|x64.ActiveCfg = Debug|Any CPU
		{F75BE5CD-8ABF-4CAF-B796-BEDE9F61E762}.Debug|x86.ActiveCfg = Debug|Any CPU
		{F75BE5CD-8ABF-4CAF-B796-BEDE9F61E762}.DVD-5|Any CPU.ActiveCfg = Debug|Any CPU
		{F75BE5CD-8ABF-4CAF-B796-BEDE9F61E762}.DVD-5|Any CPU.Build.0 = Debug|Any CPU
		{F75BE5CD-8ABF-4CAF-B796-BEDE9F61E762}.DVD-5|ARM.ActiveCfg = Debug|Any CPU
		{F75BE5CD-8ABF-4CAF-B796-BEDE9F61E762}.DVD-5|iPhone.ActiveCfg = Debug|Any CPU
		{F75BE5CD-8ABF-4CAF-B796-BEDE9F61E762}.DVD-5|iPhoneSimulator.ActiveCfg = Debug|Any CPU
		{F75BE5CD-8ABF-4CAF-B796-BEDE9F61E762}.DVD-5|Mixed Platforms.ActiveCfg = Debug|Any CPU
		{F75BE5CD-8ABF-4CAF-B796-BEDE9F61E762}.DVD-5|Mixed Platforms.Build.0 = Debug|Any CPU
		{F75BE5CD-8ABF-4CAF-B796-BEDE9F61E762}.DVD-5|x64.ActiveCfg = Debug|Any CPU
		{F75BE5CD-8ABF-4CAF-B796-BEDE9F61E762}.DVD-5|x86.ActiveCfg = Debug|Any CPU
		{F75BE5CD-8ABF-4CAF-B796-BEDE9F61E762}.Release|Any CPU.ActiveCfg = Release|Any CPU
		{F75BE5CD-8ABF-4CAF-B796-BEDE9F61E762}.Release|Any CPU.Build.0 = Release|Any CPU
		{F75BE5CD-8ABF-4CAF-B796-BEDE9F61E762}.Release|ARM.ActiveCfg = Release|Any CPU
		{F75BE5CD-8ABF-4CAF-B796-BEDE9F61E762}.Release|iPhone.ActiveCfg = Release|Any CPU
		{F75BE5CD-8ABF-4CAF-B796-BEDE9F61E762}.Release|iPhoneSimulator.ActiveCfg = Release|Any CPU
		{F75BE5CD-8ABF-4CAF-B796-BEDE9F61E762}.Release|Mixed Platforms.ActiveCfg = Release|Any CPU
		{F75BE5CD-8ABF-4CAF-B796-BEDE9F61E762}.Release|Mixed Platforms.Build.0 = Release|Any CPU
		{F75BE5CD-8ABF-4CAF-B796-BEDE9F61E762}.Release|x64.ActiveCfg = Release|Any CPU
		{F75BE5CD-8ABF-4CAF-B796-BEDE9F61E762}.Release|x86.ActiveCfg = Release|Any CPU
		{F75BE5CD-8ABF-4CAF-B796-BEDE9F61E762}.SingleImage|Any CPU.ActiveCfg = Debug|Any CPU
		{F75BE5CD-8ABF-4CAF-B796-BEDE9F61E762}.SingleImage|Any CPU.Build.0 = Debug|Any CPU
		{F75BE5CD-8ABF-4CAF-B796-BEDE9F61E762}.SingleImage|ARM.ActiveCfg = Debug|Any CPU
		{F75BE5CD-8ABF-4CAF-B796-BEDE9F61E762}.SingleImage|iPhone.ActiveCfg = Debug|Any CPU
		{F75BE5CD-8ABF-4CAF-B796-BEDE9F61E762}.SingleImage|iPhoneSimulator.ActiveCfg = Debug|Any CPU
		{F75BE5CD-8ABF-4CAF-B796-BEDE9F61E762}.SingleImage|Mixed Platforms.ActiveCfg = Debug|Any CPU
		{F75BE5CD-8ABF-4CAF-B796-BEDE9F61E762}.SingleImage|Mixed Platforms.Build.0 = Debug|Any CPU
		{F75BE5CD-8ABF-4CAF-B796-BEDE9F61E762}.SingleImage|x64.ActiveCfg = Debug|Any CPU
		{F75BE5CD-8ABF-4CAF-B796-BEDE9F61E762}.SingleImage|x86.ActiveCfg = Debug|Any CPU
		{377D3ACB-FFFD-49D8-9E59-DDE8D0D99C57}.Ad-Hoc|Any CPU.ActiveCfg = Release|x86
		{377D3ACB-FFFD-49D8-9E59-DDE8D0D99C57}.Ad-Hoc|ARM.ActiveCfg = Release|x86
		{377D3ACB-FFFD-49D8-9E59-DDE8D0D99C57}.Ad-Hoc|iPhone.ActiveCfg = Release|x86
		{377D3ACB-FFFD-49D8-9E59-DDE8D0D99C57}.Ad-Hoc|iPhoneSimulator.ActiveCfg = Release|x86
		{377D3ACB-FFFD-49D8-9E59-DDE8D0D99C57}.Ad-Hoc|Mixed Platforms.ActiveCfg = Release|x86
		{377D3ACB-FFFD-49D8-9E59-DDE8D0D99C57}.Ad-Hoc|Mixed Platforms.Build.0 = Release|x86
		{377D3ACB-FFFD-49D8-9E59-DDE8D0D99C57}.Ad-Hoc|x64.ActiveCfg = Release|x86
		{377D3ACB-FFFD-49D8-9E59-DDE8D0D99C57}.Ad-Hoc|x86.ActiveCfg = Release|x86
		{377D3ACB-FFFD-49D8-9E59-DDE8D0D99C57}.Ad-Hoc|x86.Build.0 = Release|x86
		{377D3ACB-FFFD-49D8-9E59-DDE8D0D99C57}.AppStore|Any CPU.ActiveCfg = Release|x86
		{377D3ACB-FFFD-49D8-9E59-DDE8D0D99C57}.AppStore|ARM.ActiveCfg = Release|x86
		{377D3ACB-FFFD-49D8-9E59-DDE8D0D99C57}.AppStore|iPhone.ActiveCfg = Release|x86
		{377D3ACB-FFFD-49D8-9E59-DDE8D0D99C57}.AppStore|iPhoneSimulator.ActiveCfg = Release|x86
		{377D3ACB-FFFD-49D8-9E59-DDE8D0D99C57}.AppStore|Mixed Platforms.ActiveCfg = Release|x86
		{377D3ACB-FFFD-49D8-9E59-DDE8D0D99C57}.AppStore|Mixed Platforms.Build.0 = Release|x86
		{377D3ACB-FFFD-49D8-9E59-DDE8D0D99C57}.AppStore|x64.ActiveCfg = Release|x86
		{377D3ACB-FFFD-49D8-9E59-DDE8D0D99C57}.AppStore|x86.ActiveCfg = Release|x86
		{377D3ACB-FFFD-49D8-9E59-DDE8D0D99C57}.AppStore|x86.Build.0 = Release|x86
		{377D3ACB-FFFD-49D8-9E59-DDE8D0D99C57}.CD_ROM|Any CPU.ActiveCfg = Release|x86
		{377D3ACB-FFFD-49D8-9E59-DDE8D0D99C57}.CD_ROM|ARM.ActiveCfg = Release|x86
		{377D3ACB-FFFD-49D8-9E59-DDE8D0D99C57}.CD_ROM|iPhone.ActiveCfg = Release|x86
		{377D3ACB-FFFD-49D8-9E59-DDE8D0D99C57}.CD_ROM|iPhoneSimulator.ActiveCfg = Release|x86
		{377D3ACB-FFFD-49D8-9E59-DDE8D0D99C57}.CD_ROM|Mixed Platforms.ActiveCfg = Release|x86
		{377D3ACB-FFFD-49D8-9E59-DDE8D0D99C57}.CD_ROM|Mixed Platforms.Build.0 = Release|x86
		{377D3ACB-FFFD-49D8-9E59-DDE8D0D99C57}.CD_ROM|x64.ActiveCfg = Release|x86
		{377D3ACB-FFFD-49D8-9E59-DDE8D0D99C57}.CD_ROM|x86.ActiveCfg = Release|x86
		{377D3ACB-FFFD-49D8-9E59-DDE8D0D99C57}.CD_ROM|x86.Build.0 = Release|x86
		{377D3ACB-FFFD-49D8-9E59-DDE8D0D99C57}.Debug|Any CPU.ActiveCfg = Debug|x86
		{377D3ACB-FFFD-49D8-9E59-DDE8D0D99C57}.Debug|ARM.ActiveCfg = Debug|x86
		{377D3ACB-FFFD-49D8-9E59-DDE8D0D99C57}.Debug|iPhone.ActiveCfg = Debug|x86
		{377D3ACB-FFFD-49D8-9E59-DDE8D0D99C57}.Debug|iPhoneSimulator.ActiveCfg = Debug|x86
		{377D3ACB-FFFD-49D8-9E59-DDE8D0D99C57}.Debug|Mixed Platforms.ActiveCfg = Debug|x86
		{377D3ACB-FFFD-49D8-9E59-DDE8D0D99C57}.Debug|Mixed Platforms.Build.0 = Debug|x86
		{377D3ACB-FFFD-49D8-9E59-DDE8D0D99C57}.Debug|x64.ActiveCfg = Debug|x86
		{377D3ACB-FFFD-49D8-9E59-DDE8D0D99C57}.Debug|x86.ActiveCfg = Debug|x86
		{377D3ACB-FFFD-49D8-9E59-DDE8D0D99C57}.Debug|x86.Build.0 = Debug|x86
		{377D3ACB-FFFD-49D8-9E59-DDE8D0D99C57}.DVD-5|Any CPU.ActiveCfg = Debug|x86
		{377D3ACB-FFFD-49D8-9E59-DDE8D0D99C57}.DVD-5|ARM.ActiveCfg = Debug|x86
		{377D3ACB-FFFD-49D8-9E59-DDE8D0D99C57}.DVD-5|iPhone.ActiveCfg = Debug|x86
		{377D3ACB-FFFD-49D8-9E59-DDE8D0D99C57}.DVD-5|iPhoneSimulator.ActiveCfg = Debug|x86
		{377D3ACB-FFFD-49D8-9E59-DDE8D0D99C57}.DVD-5|Mixed Platforms.ActiveCfg = Debug|x86
		{377D3ACB-FFFD-49D8-9E59-DDE8D0D99C57}.DVD-5|Mixed Platforms.Build.0 = Debug|x86
		{377D3ACB-FFFD-49D8-9E59-DDE8D0D99C57}.DVD-5|x64.ActiveCfg = Debug|x86
		{377D3ACB-FFFD-49D8-9E59-DDE8D0D99C57}.DVD-5|x86.ActiveCfg = Debug|x86
		{377D3ACB-FFFD-49D8-9E59-DDE8D0D99C57}.DVD-5|x86.Build.0 = Debug|x86
		{377D3ACB-FFFD-49D8-9E59-DDE8D0D99C57}.Release|Any CPU.ActiveCfg = Release|x86
		{377D3ACB-FFFD-49D8-9E59-DDE8D0D99C57}.Release|ARM.ActiveCfg = Release|x86
		{377D3ACB-FFFD-49D8-9E59-DDE8D0D99C57}.Release|iPhone.ActiveCfg = Release|x86
		{377D3ACB-FFFD-49D8-9E59-DDE8D0D99C57}.Release|iPhoneSimulator.ActiveCfg = Release|x86
		{377D3ACB-FFFD-49D8-9E59-DDE8D0D99C57}.Release|Mixed Platforms.ActiveCfg = Release|x86
		{377D3ACB-FFFD-49D8-9E59-DDE8D0D99C57}.Release|Mixed Platforms.Build.0 = Release|x86
		{377D3ACB-FFFD-49D8-9E59-DDE8D0D99C57}.Release|x64.ActiveCfg = Release|x86
		{377D3ACB-FFFD-49D8-9E59-DDE8D0D99C57}.Release|x86.ActiveCfg = Release|x86
		{377D3ACB-FFFD-49D8-9E59-DDE8D0D99C57}.Release|x86.Build.0 = Release|x86
		{377D3ACB-FFFD-49D8-9E59-DDE8D0D99C57}.SingleImage|Any CPU.ActiveCfg = Release|x86
		{377D3ACB-FFFD-49D8-9E59-DDE8D0D99C57}.SingleImage|ARM.ActiveCfg = Release|x86
		{377D3ACB-FFFD-49D8-9E59-DDE8D0D99C57}.SingleImage|iPhone.ActiveCfg = Release|x86
		{377D3ACB-FFFD-49D8-9E59-DDE8D0D99C57}.SingleImage|iPhoneSimulator.ActiveCfg = Release|x86
		{377D3ACB-FFFD-49D8-9E59-DDE8D0D99C57}.SingleImage|Mixed Platforms.ActiveCfg = Release|x86
		{377D3ACB-FFFD-49D8-9E59-DDE8D0D99C57}.SingleImage|Mixed Platforms.Build.0 = Release|x86
		{377D3ACB-FFFD-49D8-9E59-DDE8D0D99C57}.SingleImage|x64.ActiveCfg = Release|x86
		{377D3ACB-FFFD-49D8-9E59-DDE8D0D99C57}.SingleImage|x86.ActiveCfg = Release|x86
		{377D3ACB-FFFD-49D8-9E59-DDE8D0D99C57}.SingleImage|x86.Build.0 = Release|x86
	EndGlobalSection
	GlobalSection(SolutionProperties) = preSolution
		HideSolutionNode = FALSE
	EndGlobalSection
EndGlobal
